// !$*UTF8*$!
{
	archiveVersion = 1;
	classes = {
	};
	objectVersion = 46;
	objects = {

/* Begin PBXBuildFile section */
		1F00D5061E52A5F80018791E /* AppDelegate.m in Sources */ = {isa = PBXBuildFile; fileRef = 1F00D4FC1E52A5F80018791E /* AppDelegate.m */; };
		1F00D5071E52A5F80018791E /* Assets.xcassets in Resources */ = {isa = PBXBuildFile; fileRef = 1F00D4FD1E52A5F80018791E /* Assets.xcassets */; };
		1F00D5081E52A5F80018791E /* LaunchScreen.storyboard in Resources */ = {isa = PBXBuildFile; fileRef = 1F00D4FE1E52A5F80018791E /* LaunchScreen.storyboard */; };
		1F00D5091E52A5F80018791E /* Main.storyboard in Resources */ = {isa = PBXBuildFile; fileRef = 1F00D5001E52A5F80018791E /* Main.storyboard */; };
		1F00D50B1E52A5F80018791E /* main.m in Sources */ = {isa = PBXBuildFile; fileRef = 1F00D5031E52A5F80018791E /* main.m */; };
		1F00D50C1E52A5F80018791E /* ViewController.m in Sources */ = {isa = PBXBuildFile; fileRef = 1F00D5051E52A5F80018791E /* ViewController.m */; };
		1F154C2A1E666C7E00D94922 /* PodHelper.m in Sources */ = {isa = PBXBuildFile; fileRef = 1F154C291E666C7E00D94922 /* PodHelper.m */; };
		1F154C2F1E66ED4000D94922 /* FJPhotoLibraryViewController.m in Sources */ = {isa = PBXBuildFile; fileRef = 1F154C2D1E66ED4000D94922 /* FJPhotoLibraryViewController.m */; };
		1F2861BD1E6008D500862E18 /* FJAppRedirect.m in Sources */ = {isa = PBXBuildFile; fileRef = 1F2861791E6008D500862E18 /* FJAppRedirect.m */; };
		1F2861BE1E6008D500862E18 /* NSArray+Operation.m in Sources */ = {isa = PBXBuildFile; fileRef = 1F28617C1E6008D500862E18 /* NSArray+Operation.m */; };
		1F2861BF1E6008D500862E18 /* NSObject+NotifyBlock.m in Sources */ = {isa = PBXBuildFile; fileRef = 1F28617F1E6008D500862E18 /* NSObject+NotifyBlock.m */; };
		1F2861C01E6008D500862E18 /* FJCache.m in Sources */ = {isa = PBXBuildFile; fileRef = 1F2861821E6008D500862E18 /* FJCache.m */; };
		1F2861C11E6008D500862E18 /* UIColor+Equal.m in Sources */ = {isa = PBXBuildFile; fileRef = 1F2861851E6008D500862E18 /* UIColor+Equal.m */; };
		1F2861C21E6008D500862E18 /* UIColor+Hex.m in Sources */ = {isa = PBXBuildFile; fileRef = 1F2861871E6008D500862E18 /* UIColor+Hex.m */; };
		1F2861C31E6008D500862E18 /* NSData+Helper.m in Sources */ = {isa = PBXBuildFile; fileRef = 1F28618A1E6008D500862E18 /* NSData+Helper.m */; };
		1F2861C41E6008D500862E18 /* FJDate.m in Sources */ = {isa = PBXBuildFile; fileRef = 1F28618D1E6008D500862E18 /* FJDate.m */; };
		1F2861C51E6008D500862E18 /* NSDate+Helper.m in Sources */ = {isa = PBXBuildFile; fileRef = 1F28618F1E6008D500862E18 /* NSDate+Helper.m */; };
		1F2861C61E6008D500862E18 /* UIFont+Utility.m in Sources */ = {isa = PBXBuildFile; fileRef = 1F2861931E6008D500862E18 /* UIFont+Utility.m */; };
		1F2861C71E6008D500862E18 /* FJImage.m in Sources */ = {isa = PBXBuildFile; fileRef = 1F2861961E6008D500862E18 /* FJImage.m */; };
		1F2861C81E6008D500862E18 /* UIImage+Color.m in Sources */ = {isa = PBXBuildFile; fileRef = 1F2861981E6008D500862E18 /* UIImage+Color.m */; };
		1F2861C91E6008D500862E18 /* UIImage+Compress.m in Sources */ = {isa = PBXBuildFile; fileRef = 1F28619A1E6008D500862E18 /* UIImage+Compress.m */; };
		1F2861CA1E6008D500862E18 /* UIImage+Text.m in Sources */ = {isa = PBXBuildFile; fileRef = 1F28619C1E6008D500862E18 /* UIImage+Text.m */; };
		1F2861CC1E6008D500862E18 /* FJNetworkMgr.m in Sources */ = {isa = PBXBuildFile; fileRef = 1F2861A81E6008D500862E18 /* FJNetworkMgr.m */; };
		1F2861CD1E6008D500862E18 /* FJStorage.m in Sources */ = {isa = PBXBuildFile; fileRef = 1F2861AB1E6008D500862E18 /* FJStorage.m */; };
		1F2861CE1E6008D500862E18 /* NSString+Helper.m in Sources */ = {isa = PBXBuildFile; fileRef = 1F2861AE1E6008D500862E18 /* NSString+Helper.m */; };
		1F2861CF1E6008D500862E18 /* FJTimer.m in Sources */ = {isa = PBXBuildFile; fileRef = 1F2861B11E6008D500862E18 /* FJTimer.m */; };
		1F2861D01E6008D500862E18 /* NSString+Translator.m in Sources */ = {isa = PBXBuildFile; fileRef = 1F2861B41E6008D500862E18 /* NSString+Translator.m */; };
		1F2861D11E6008D500862E18 /* FJUUID.m in Sources */ = {isa = PBXBuildFile; fileRef = 1F2861B71E6008D500862E18 /* FJUUID.m */; };
		1F2861D21E6008D500862E18 /* UIView+Geometry.m in Sources */ = {isa = PBXBuildFile; fileRef = 1F2861BA1E6008D500862E18 /* UIView+Geometry.m */; };
		1F2861D31E6008D500862E18 /* UIView+Layer.m in Sources */ = {isa = PBXBuildFile; fileRef = 1F2861BC1E6008D500862E18 /* UIView+Layer.m */; };
		1F3B5AB41EB9AEED005FDE8B /* NSArray+JSONModel.m in Sources */ = {isa = PBXBuildFile; fileRef = 1F3B5AB31EB9AEED005FDE8B /* NSArray+JSONModel.m */; };
		1F5D32311E659FCB00ED12EE /* FJRegion.m in Sources */ = {isa = PBXBuildFile; fileRef = 1F5D32301E659FCB00ED12EE /* FJRegion.m */; };
		1F5D32341E65A01F00ED12EE /* FJRegionModel.m in Sources */ = {isa = PBXBuildFile; fileRef = 1F5D32331E65A01F00ED12EE /* FJRegionModel.m */; };
		1F9212761E715BAB00D5AA60 /* FJContacts.m in Sources */ = {isa = PBXBuildFile; fileRef = 1F9212751E715BAB00D5AA60 /* FJContacts.m */; };
		1F9212791E72614600D5AA60 /* FJContactModel.m in Sources */ = {isa = PBXBuildFile; fileRef = 1F9212781E72614600D5AA60 /* FJContactModel.m */; };
		1FAA0CC51E6970FE000DEACD /* UIView+SVProgress.m in Sources */ = {isa = PBXBuildFile; fileRef = 1FAA0CBF1E6970FE000DEACD /* UIView+SVProgress.m */; };
		1FAA0CC61E6970FE000DEACD /* NSObject+CRToast.m in Sources */ = {isa = PBXBuildFile; fileRef = 1FAA0CC21E6970FE000DEACD /* NSObject+CRToast.m */; };
		1FAA0CC71E6970FE000DEACD /* UIView+PromptToast.m in Sources */ = {isa = PBXBuildFile; fileRef = 1FAA0CC41E6970FE000DEACD /* UIView+PromptToast.m */; };
		1FAA0CCC1E697205000DEACD /* toast_close_active@2x.png in Resources */ = {isa = PBXBuildFile; fileRef = 1FAA0CC81E697205000DEACD /* toast_close_active@2x.png */; };
		1FAA0CCD1E697205000DEACD /* toast_close_active@3x.png in Resources */ = {isa = PBXBuildFile; fileRef = 1FAA0CC91E697205000DEACD /* toast_close_active@3x.png */; };
		1FAA0CCE1E697205000DEACD /* toast_close_normal@2x.png in Resources */ = {isa = PBXBuildFile; fileRef = 1FAA0CCA1E697205000DEACD /* toast_close_normal@2x.png */; };
		1FAA0CCF1E697205000DEACD /* toast_close_normal@3x.png in Resources */ = {isa = PBXBuildFile; fileRef = 1FAA0CCB1E697205000DEACD /* toast_close_normal@3x.png */; };
		1FAA0CD31E697257000DEACD /* FJDropSheet.m in Sources */ = {isa = PBXBuildFile; fileRef = 1FAA0CD21E697257000DEACD /* FJDropSheet.m */; };
		1FAA0CD71E697511000DEACD /* SolidLine.m in Sources */ = {isa = PBXBuildFile; fileRef = 1FAA0CD61E697511000DEACD /* SolidLine.m */; };
		1FAA0CDA1E697609000DEACD /* HorizontalDotLine.m in Sources */ = {isa = PBXBuildFile; fileRef = 1FAA0CD91E697609000DEACD /* HorizontalDotLine.m */; };
		1FAA0CDD1E697620000DEACD /* VerticalDotLine.m in Sources */ = {isa = PBXBuildFile; fileRef = 1FAA0CDC1E697620000DEACD /* VerticalDotLine.m */; };
		1FAA0CE11E697715000DEACD /* FJProgressView.m in Sources */ = {isa = PBXBuildFile; fileRef = 1FAA0CE01E697715000DEACD /* FJProgressView.m */; };
		1FAFB63F1E67B65C00CDB5E6 /* SelectAlbumButton.m in Sources */ = {isa = PBXBuildFile; fileRef = 1FAFB63E1E67B65C00CDB5E6 /* SelectAlbumButton.m */; };
		1FAFB6411E67B66700CDB5E6 /* SelectAlbumButton.xib in Resources */ = {isa = PBXBuildFile; fileRef = 1FAFB6401E67B66700CDB5E6 /* SelectAlbumButton.xib */; };
		1FAFB6441E67C30400CDB5E6 /* FJPhotoMgr.m in Sources */ = {isa = PBXBuildFile; fileRef = 1FAFB6431E67C30400CDB5E6 /* FJPhotoMgr.m */; };
		1FAFB6471E67CE5E00CDB5E6 /* FJImageModel.m in Sources */ = {isa = PBXBuildFile; fileRef = 1FAFB6461E67CE5E00CDB5E6 /* FJImageModel.m */; };
		1FAFB64A1E67CF6200CDB5E6 /* PHAsset+Select.m in Sources */ = {isa = PBXBuildFile; fileRef = 1FAFB6491E67CF6200CDB5E6 /* PHAsset+Select.m */; };
		1FAFB64D1E67CF6F00CDB5E6 /* UIImage+Clip.m in Sources */ = {isa = PBXBuildFile; fileRef = 1FAFB64C1E67CF6F00CDB5E6 /* UIImage+Clip.m */; };
		1FAFB6501E67F7C300CDB5E6 /* FJAlbumListViewController.m in Sources */ = {isa = PBXBuildFile; fileRef = 1FAFB64F1E67F7C300CDB5E6 /* FJAlbumListViewController.m */; };
		1FAFB6531E67F7DA00CDB5E6 /* FJImageCollectionViewController.m in Sources */ = {isa = PBXBuildFile; fileRef = 1FAFB6521E67F7DA00CDB5E6 /* FJImageCollectionViewController.m */; };
		1FAFB6561E67F7FE00CDB5E6 /* AlbumListTableViewCell.m in Sources */ = {isa = PBXBuildFile; fileRef = 1FAFB6551E67F7FE00CDB5E6 /* AlbumListTableViewCell.m */; };
		1FAFB6591E67F81400CDB5E6 /* ImageCollectionViewCell.m in Sources */ = {isa = PBXBuildFile; fileRef = 1FAFB6581E67F81400CDB5E6 /* ImageCollectionViewCell.m */; };
		1FAFB65C1E67F8A800CDB5E6 /* ImageViewController.m in Sources */ = {isa = PBXBuildFile; fileRef = 1FAFB65B1E67F8A800CDB5E6 /* ImageViewController.m */; };
		1FAFB65F1E67F8B800CDB5E6 /* ImagePreviewtransition.m in Sources */ = {isa = PBXBuildFile; fileRef = 1FAFB65E1E67F8B800CDB5E6 /* ImagePreviewtransition.m */; };
		1FAFB66C1E680E4500CDB5E6 /* ch_camera_photo@2x.png in Resources */ = {isa = PBXBuildFile; fileRef = 1FAFB6681E680E4500CDB5E6 /* ch_camera_photo@2x.png */; };
		1FAFB66D1E680E4500CDB5E6 /* ch_selectbg_photo@2x.png in Resources */ = {isa = PBXBuildFile; fileRef = 1FAFB6691E680E4500CDB5E6 /* ch_selectbg_photo@2x.png */; };
		1FAFB66E1E680E4500CDB5E6 /* ch_selectbg_photo@3x.png in Resources */ = {isa = PBXBuildFile; fileRef = 1FAFB66A1E680E4500CDB5E6 /* ch_selectbg_photo@3x.png */; };
		1FAFB66F1E680E4500CDB5E6 /* ch_camera_photo@3x.png in Resources */ = {isa = PBXBuildFile; fileRef = 1FAFB66B1E680E4500CDB5E6 /* ch_camera_photo@3x.png */; };
		1FAFB6861E6810A800CDB5E6 /* nav_icon_back_grey@3x.png in Resources */ = {isa = PBXBuildFile; fileRef = 1FAFB6721E6810A800CDB5E6 /* nav_icon_back_grey@3x.png */; };
		1FAFB6881E6810A800CDB5E6 /* nav_icon_back_grey@2x.png in Resources */ = {isa = PBXBuildFile; fileRef = 1FAFB6741E6810A800CDB5E6 /* nav_icon_back_grey@2x.png */; };
		1FAFB68D1E6810A800CDB5E6 /* icon_triangle_down@3x.png in Resources */ = {isa = PBXBuildFile; fileRef = 1FAFB6791E6810A800CDB5E6 /* icon_triangle_down@3x.png */; };
		1FAFB6901E6810A800CDB5E6 /* icon_triangle_down@2x.png in Resources */ = {isa = PBXBuildFile; fileRef = 1FAFB67C1E6810A800CDB5E6 /* icon_triangle_down@2x.png */; };
		1FBFCB981ECAD81C005AAF2B /* FJRegionViewController.m in Sources */ = {isa = PBXBuildFile; fileRef = 1FBFCB971ECAD81C005AAF2B /* FJRegionViewController.m */; };
		1FBFCBA41ECB09FB005AAF2B /* address.json in Resources */ = {isa = PBXBuildFile; fileRef = 1FBFCBA31ECB09FB005AAF2B /* address.json */; };
		1FED148B1E6D43B800CDF91C /* TestViewController.m in Sources */ = {isa = PBXBuildFile; fileRef = 1FED14891E6D43B800CDF91C /* TestViewController.m */; };
		1FED148C1E6D43B800CDF91C /* TestViewController.xib in Resources */ = {isa = PBXBuildFile; fileRef = 1FED148A1E6D43B800CDF91C /* TestViewController.xib */; };
		1FED148F1E6D478600CDF91C /* UIView+DropSheet.m in Sources */ = {isa = PBXBuildFile; fileRef = 1FED148E1E6D478600CDF91C /* UIView+DropSheet.m */; };
		265D51C9414C0A90D22356C9 /* Pods_FJTool.framework in Frameworks */ = {isa = PBXBuildFile; fileRef = E8DB311401340B1D99524D5F /* Pods_FJTool.framework */; };
/* End PBXBuildFile section */

/* Begin PBXFileReference section */
		1F00D4DF1E52A4870018791E /* FJTool.app */ = {isa = PBXFileReference; explicitFileType = wrapper.application; includeInIndex = 0; path = FJTool.app; sourceTree = BUILT_PRODUCTS_DIR; };
		1F00D4FB1E52A5F80018791E /* AppDelegate.h */ = {isa = PBXFileReference; fileEncoding = 4; lastKnownFileType = sourcecode.c.h; path = AppDelegate.h; sourceTree = "<group>"; };
		1F00D4FC1E52A5F80018791E /* AppDelegate.m */ = {isa = PBXFileReference; fileEncoding = 4; lastKnownFileType = sourcecode.c.objc; path = AppDelegate.m; sourceTree = "<group>"; };
		1F00D4FD1E52A5F80018791E /* Assets.xcassets */ = {isa = PBXFileReference; lastKnownFileType = folder.assetcatalog; path = Assets.xcassets; sourceTree = "<group>"; };
		1F00D4FF1E52A5F80018791E /* Base */ = {isa = PBXFileReference; lastKnownFileType = file.storyboard; name = Base; path = Base.lproj/LaunchScreen.storyboard; sourceTree = "<group>"; };
		1F00D5011E52A5F80018791E /* Base */ = {isa = PBXFileReference; lastKnownFileType = file.storyboard; name = Base; path = Base.lproj/Main.storyboard; sourceTree = "<group>"; };
		1F00D5021E52A5F80018791E /* Info.plist */ = {isa = PBXFileReference; fileEncoding = 4; lastKnownFileType = text.plist.xml; path = Info.plist; sourceTree = "<group>"; };
		1F00D5031E52A5F80018791E /* main.m */ = {isa = PBXFileReference; fileEncoding = 4; lastKnownFileType = sourcecode.c.objc; path = main.m; sourceTree = "<group>"; };
		1F00D5041E52A5F80018791E /* ViewController.h */ = {isa = PBXFileReference; fileEncoding = 4; lastKnownFileType = sourcecode.c.h; path = ViewController.h; sourceTree = "<group>"; };
		1F00D5051E52A5F80018791E /* ViewController.m */ = {isa = PBXFileReference; fileEncoding = 4; lastKnownFileType = sourcecode.c.objc; path = ViewController.m; sourceTree = "<group>"; };
		1F154C281E666C7E00D94922 /* PodHelper.h */ = {isa = PBXFileReference; fileEncoding = 4; lastKnownFileType = sourcecode.c.h; path = PodHelper.h; sourceTree = "<group>"; };
		1F154C291E666C7E00D94922 /* PodHelper.m */ = {isa = PBXFileReference; fileEncoding = 4; lastKnownFileType = sourcecode.c.objc; path = PodHelper.m; sourceTree = "<group>"; };
		1F154C2C1E66ED4000D94922 /* FJPhotoLibraryViewController.h */ = {isa = PBXFileReference; fileEncoding = 4; lastKnownFileType = sourcecode.c.h; path = FJPhotoLibraryViewController.h; sourceTree = "<group>"; };
		1F154C2D1E66ED4000D94922 /* FJPhotoLibraryViewController.m */ = {isa = PBXFileReference; fileEncoding = 4; lastKnownFileType = sourcecode.c.objc; path = FJPhotoLibraryViewController.m; sourceTree = "<group>"; };
		1F2861781E6008D500862E18 /* FJAppRedirect.h */ = {isa = PBXFileReference; fileEncoding = 4; lastKnownFileType = sourcecode.c.h; path = FJAppRedirect.h; sourceTree = "<group>"; };
		1F2861791E6008D500862E18 /* FJAppRedirect.m */ = {isa = PBXFileReference; fileEncoding = 4; lastKnownFileType = sourcecode.c.objc; path = FJAppRedirect.m; sourceTree = "<group>"; };
		1F28617B1E6008D500862E18 /* NSArray+Operation.h */ = {isa = PBXFileReference; fileEncoding = 4; lastKnownFileType = sourcecode.c.h; path = "NSArray+Operation.h"; sourceTree = "<group>"; };
		1F28617C1E6008D500862E18 /* NSArray+Operation.m */ = {isa = PBXFileReference; fileEncoding = 4; lastKnownFileType = sourcecode.c.objc; path = "NSArray+Operation.m"; sourceTree = "<group>"; };
		1F28617E1E6008D500862E18 /* NSObject+NotifyBlock.h */ = {isa = PBXFileReference; fileEncoding = 4; lastKnownFileType = sourcecode.c.h; path = "NSObject+NotifyBlock.h"; sourceTree = "<group>"; };
		1F28617F1E6008D500862E18 /* NSObject+NotifyBlock.m */ = {isa = PBXFileReference; fileEncoding = 4; lastKnownFileType = sourcecode.c.objc; path = "NSObject+NotifyBlock.m"; sourceTree = "<group>"; };
		1F2861811E6008D500862E18 /* FJCache.h */ = {isa = PBXFileReference; fileEncoding = 4; lastKnownFileType = sourcecode.c.h; path = FJCache.h; sourceTree = "<group>"; };
		1F2861821E6008D500862E18 /* FJCache.m */ = {isa = PBXFileReference; fileEncoding = 4; lastKnownFileType = sourcecode.c.objc; path = FJCache.m; sourceTree = "<group>"; };
		1F2861841E6008D500862E18 /* UIColor+Equal.h */ = {isa = PBXFileReference; fileEncoding = 4; lastKnownFileType = sourcecode.c.h; path = "UIColor+Equal.h"; sourceTree = "<group>"; };
		1F2861851E6008D500862E18 /* UIColor+Equal.m */ = {isa = PBXFileReference; fileEncoding = 4; lastKnownFileType = sourcecode.c.objc; path = "UIColor+Equal.m"; sourceTree = "<group>"; };
		1F2861861E6008D500862E18 /* UIColor+Hex.h */ = {isa = PBXFileReference; fileEncoding = 4; lastKnownFileType = sourcecode.c.h; path = "UIColor+Hex.h"; sourceTree = "<group>"; };
		1F2861871E6008D500862E18 /* UIColor+Hex.m */ = {isa = PBXFileReference; fileEncoding = 4; lastKnownFileType = sourcecode.c.objc; path = "UIColor+Hex.m"; sourceTree = "<group>"; };
		1F2861891E6008D500862E18 /* NSData+Helper.h */ = {isa = PBXFileReference; fileEncoding = 4; lastKnownFileType = sourcecode.c.h; path = "NSData+Helper.h"; sourceTree = "<group>"; };
		1F28618A1E6008D500862E18 /* NSData+Helper.m */ = {isa = PBXFileReference; fileEncoding = 4; lastKnownFileType = sourcecode.c.objc; path = "NSData+Helper.m"; sourceTree = "<group>"; };
		1F28618C1E6008D500862E18 /* FJDate.h */ = {isa = PBXFileReference; fileEncoding = 4; lastKnownFileType = sourcecode.c.h; path = FJDate.h; sourceTree = "<group>"; };
		1F28618D1E6008D500862E18 /* FJDate.m */ = {isa = PBXFileReference; fileEncoding = 4; lastKnownFileType = sourcecode.c.objc; path = FJDate.m; sourceTree = "<group>"; };
		1F28618E1E6008D500862E18 /* NSDate+Helper.h */ = {isa = PBXFileReference; fileEncoding = 4; lastKnownFileType = sourcecode.c.h; path = "NSDate+Helper.h"; sourceTree = "<group>"; };
		1F28618F1E6008D500862E18 /* NSDate+Helper.m */ = {isa = PBXFileReference; fileEncoding = 4; lastKnownFileType = sourcecode.c.objc; path = "NSDate+Helper.m"; sourceTree = "<group>"; };
		1F2861901E6008D500862E18 /* FJTool.h */ = {isa = PBXFileReference; fileEncoding = 4; lastKnownFileType = sourcecode.c.h; path = FJTool.h; sourceTree = "<group>"; };
		1F2861921E6008D500862E18 /* UIFont+Utility.h */ = {isa = PBXFileReference; fileEncoding = 4; lastKnownFileType = sourcecode.c.h; path = "UIFont+Utility.h"; sourceTree = "<group>"; };
		1F2861931E6008D500862E18 /* UIFont+Utility.m */ = {isa = PBXFileReference; fileEncoding = 4; lastKnownFileType = sourcecode.c.objc; path = "UIFont+Utility.m"; sourceTree = "<group>"; };
		1F2861951E6008D500862E18 /* FJImage.h */ = {isa = PBXFileReference; fileEncoding = 4; lastKnownFileType = sourcecode.c.h; path = FJImage.h; sourceTree = "<group>"; };
		1F2861961E6008D500862E18 /* FJImage.m */ = {isa = PBXFileReference; fileEncoding = 4; lastKnownFileType = sourcecode.c.objc; path = FJImage.m; sourceTree = "<group>"; };
		1F2861971E6008D500862E18 /* UIImage+Color.h */ = {isa = PBXFileReference; fileEncoding = 4; lastKnownFileType = sourcecode.c.h; path = "UIImage+Color.h"; sourceTree = "<group>"; };
		1F2861981E6008D500862E18 /* UIImage+Color.m */ = {isa = PBXFileReference; fileEncoding = 4; lastKnownFileType = sourcecode.c.objc; path = "UIImage+Color.m"; sourceTree = "<group>"; };
		1F2861991E6008D500862E18 /* UIImage+Compress.h */ = {isa = PBXFileReference; fileEncoding = 4; lastKnownFileType = sourcecode.c.h; path = "UIImage+Compress.h"; sourceTree = "<group>"; };
		1F28619A1E6008D500862E18 /* UIImage+Compress.m */ = {isa = PBXFileReference; fileEncoding = 4; lastKnownFileType = sourcecode.c.objc; path = "UIImage+Compress.m"; sourceTree = "<group>"; };
		1F28619B1E6008D500862E18 /* UIImage+Text.h */ = {isa = PBXFileReference; fileEncoding = 4; lastKnownFileType = sourcecode.c.h; path = "UIImage+Text.h"; sourceTree = "<group>"; };
		1F28619C1E6008D500862E18 /* UIImage+Text.m */ = {isa = PBXFileReference; fileEncoding = 4; lastKnownFileType = sourcecode.c.objc; path = "UIImage+Text.m"; sourceTree = "<group>"; };
		1F2861A21E6008D500862E18 /* Macro.h */ = {isa = PBXFileReference; fileEncoding = 4; lastKnownFileType = sourcecode.c.h; path = Macro.h; sourceTree = "<group>"; };
		1F2861A31E6008D500862E18 /* MacroColor.h */ = {isa = PBXFileReference; fileEncoding = 4; lastKnownFileType = sourcecode.c.h; path = MacroColor.h; sourceTree = "<group>"; };
		1F2861A41E6008D500862E18 /* MacroDevice.h */ = {isa = PBXFileReference; fileEncoding = 4; lastKnownFileType = sourcecode.c.h; path = MacroDevice.h; sourceTree = "<group>"; };
		1F2861A51E6008D500862E18 /* MacroFont.h */ = {isa = PBXFileReference; fileEncoding = 4; lastKnownFileType = sourcecode.c.h; path = MacroFont.h; sourceTree = "<group>"; };
		1F2861A71E6008D500862E18 /* FJNetworkMgr.h */ = {isa = PBXFileReference; fileEncoding = 4; lastKnownFileType = sourcecode.c.h; path = FJNetworkMgr.h; sourceTree = "<group>"; };
		1F2861A81E6008D500862E18 /* FJNetworkMgr.m */ = {isa = PBXFileReference; fileEncoding = 4; lastKnownFileType = sourcecode.c.objc; path = FJNetworkMgr.m; sourceTree = "<group>"; };
		1F2861AA1E6008D500862E18 /* FJStorage.h */ = {isa = PBXFileReference; fileEncoding = 4; lastKnownFileType = sourcecode.c.h; path = FJStorage.h; sourceTree = "<group>"; };
		1F2861AB1E6008D500862E18 /* FJStorage.m */ = {isa = PBXFileReference; fileEncoding = 4; lastKnownFileType = sourcecode.c.objc; path = FJStorage.m; sourceTree = "<group>"; };
		1F2861AD1E6008D500862E18 /* NSString+Helper.h */ = {isa = PBXFileReference; fileEncoding = 4; lastKnownFileType = sourcecode.c.h; path = "NSString+Helper.h"; sourceTree = "<group>"; };
		1F2861AE1E6008D500862E18 /* NSString+Helper.m */ = {isa = PBXFileReference; fileEncoding = 4; lastKnownFileType = sourcecode.c.objc; path = "NSString+Helper.m"; sourceTree = "<group>"; };
		1F2861B01E6008D500862E18 /* FJTimer.h */ = {isa = PBXFileReference; fileEncoding = 4; lastKnownFileType = sourcecode.c.h; path = FJTimer.h; sourceTree = "<group>"; };
		1F2861B11E6008D500862E18 /* FJTimer.m */ = {isa = PBXFileReference; fileEncoding = 4; lastKnownFileType = sourcecode.c.objc; path = FJTimer.m; sourceTree = "<group>"; };
		1F2861B31E6008D500862E18 /* NSString+Translator.h */ = {isa = PBXFileReference; fileEncoding = 4; lastKnownFileType = sourcecode.c.h; path = "NSString+Translator.h"; sourceTree = "<group>"; };
		1F2861B41E6008D500862E18 /* NSString+Translator.m */ = {isa = PBXFileReference; fileEncoding = 4; lastKnownFileType = sourcecode.c.objc; path = "NSString+Translator.m"; sourceTree = "<group>"; };
		1F2861B61E6008D500862E18 /* FJUUID.h */ = {isa = PBXFileReference; fileEncoding = 4; lastKnownFileType = sourcecode.c.h; path = FJUUID.h; sourceTree = "<group>"; };
		1F2861B71E6008D500862E18 /* FJUUID.m */ = {isa = PBXFileReference; fileEncoding = 4; lastKnownFileType = sourcecode.c.objc; path = FJUUID.m; sourceTree = "<group>"; };
		1F2861B91E6008D500862E18 /* UIView+Geometry.h */ = {isa = PBXFileReference; fileEncoding = 4; lastKnownFileType = sourcecode.c.h; path = "UIView+Geometry.h"; sourceTree = "<group>"; };
		1F2861BA1E6008D500862E18 /* UIView+Geometry.m */ = {isa = PBXFileReference; fileEncoding = 4; lastKnownFileType = sourcecode.c.objc; path = "UIView+Geometry.m"; sourceTree = "<group>"; };
		1F2861BB1E6008D500862E18 /* UIView+Layer.h */ = {isa = PBXFileReference; fileEncoding = 4; lastKnownFileType = sourcecode.c.h; path = "UIView+Layer.h"; sourceTree = "<group>"; };
		1F2861BC1E6008D500862E18 /* UIView+Layer.m */ = {isa = PBXFileReference; fileEncoding = 4; lastKnownFileType = sourcecode.c.objc; path = "UIView+Layer.m"; sourceTree = "<group>"; };
		1F3B5AB21EB9AEED005FDE8B /* NSArray+JSONModel.h */ = {isa = PBXFileReference; fileEncoding = 4; lastKnownFileType = sourcecode.c.h; path = "NSArray+JSONModel.h"; sourceTree = "<group>"; };
		1F3B5AB31EB9AEED005FDE8B /* NSArray+JSONModel.m */ = {isa = PBXFileReference; fileEncoding = 4; lastKnownFileType = sourcecode.c.objc; path = "NSArray+JSONModel.m"; sourceTree = "<group>"; };
		1F5D322F1E659FCB00ED12EE /* FJRegion.h */ = {isa = PBXFileReference; fileEncoding = 4; lastKnownFileType = sourcecode.c.h; path = FJRegion.h; sourceTree = "<group>"; };
		1F5D32301E659FCB00ED12EE /* FJRegion.m */ = {isa = PBXFileReference; fileEncoding = 4; lastKnownFileType = sourcecode.c.objc; path = FJRegion.m; sourceTree = "<group>"; };
		1F5D32321E65A01F00ED12EE /* FJRegionModel.h */ = {isa = PBXFileReference; fileEncoding = 4; lastKnownFileType = sourcecode.c.h; path = FJRegionModel.h; sourceTree = "<group>"; };
		1F5D32331E65A01F00ED12EE /* FJRegionModel.m */ = {isa = PBXFileReference; fileEncoding = 4; lastKnownFileType = sourcecode.c.objc; path = FJRegionModel.m; sourceTree = "<group>"; };
		1F9212741E715BAB00D5AA60 /* FJContacts.h */ = {isa = PBXFileReference; fileEncoding = 4; lastKnownFileType = sourcecode.c.h; path = FJContacts.h; sourceTree = "<group>"; };
		1F9212751E715BAB00D5AA60 /* FJContacts.m */ = {isa = PBXFileReference; fileEncoding = 4; lastKnownFileType = sourcecode.c.objc; path = FJContacts.m; sourceTree = "<group>"; };
		1F9212771E72614600D5AA60 /* FJContactModel.h */ = {isa = PBXFileReference; fileEncoding = 4; lastKnownFileType = sourcecode.c.h; path = FJContactModel.h; sourceTree = "<group>"; };
		1F9212781E72614600D5AA60 /* FJContactModel.m */ = {isa = PBXFileReference; fileEncoding = 4; lastKnownFileType = sourcecode.c.objc; path = FJContactModel.m; sourceTree = "<group>"; };
		1FAA0CBE1E6970FE000DEACD /* UIView+SVProgress.h */ = {isa = PBXFileReference; fileEncoding = 4; lastKnownFileType = sourcecode.c.h; path = "UIView+SVProgress.h"; sourceTree = "<group>"; };
		1FAA0CBF1E6970FE000DEACD /* UIView+SVProgress.m */ = {isa = PBXFileReference; fileEncoding = 4; lastKnownFileType = sourcecode.c.objc; path = "UIView+SVProgress.m"; sourceTree = "<group>"; };
		1FAA0CC11E6970FE000DEACD /* NSObject+CRToast.h */ = {isa = PBXFileReference; fileEncoding = 4; lastKnownFileType = sourcecode.c.h; path = "NSObject+CRToast.h"; sourceTree = "<group>"; };
		1FAA0CC21E6970FE000DEACD /* NSObject+CRToast.m */ = {isa = PBXFileReference; fileEncoding = 4; lastKnownFileType = sourcecode.c.objc; path = "NSObject+CRToast.m"; sourceTree = "<group>"; };
		1FAA0CC31E6970FE000DEACD /* UIView+PromptToast.h */ = {isa = PBXFileReference; fileEncoding = 4; lastKnownFileType = sourcecode.c.h; path = "UIView+PromptToast.h"; sourceTree = "<group>"; };
		1FAA0CC41E6970FE000DEACD /* UIView+PromptToast.m */ = {isa = PBXFileReference; fileEncoding = 4; lastKnownFileType = sourcecode.c.objc; path = "UIView+PromptToast.m"; sourceTree = "<group>"; };
		1FAA0CC81E697205000DEACD /* toast_close_active@2x.png */ = {isa = PBXFileReference; lastKnownFileType = image.png; path = "toast_close_active@2x.png"; sourceTree = "<group>"; };
		1FAA0CC91E697205000DEACD /* toast_close_active@3x.png */ = {isa = PBXFileReference; lastKnownFileType = image.png; path = "toast_close_active@3x.png"; sourceTree = "<group>"; };
		1FAA0CCA1E697205000DEACD /* toast_close_normal@2x.png */ = {isa = PBXFileReference; lastKnownFileType = image.png; path = "toast_close_normal@2x.png"; sourceTree = "<group>"; };
		1FAA0CCB1E697205000DEACD /* toast_close_normal@3x.png */ = {isa = PBXFileReference; lastKnownFileType = image.png; path = "toast_close_normal@3x.png"; sourceTree = "<group>"; };
		1FAA0CD11E697257000DEACD /* FJDropSheet.h */ = {isa = PBXFileReference; fileEncoding = 4; lastKnownFileType = sourcecode.c.h; path = FJDropSheet.h; sourceTree = "<group>"; };
		1FAA0CD21E697257000DEACD /* FJDropSheet.m */ = {isa = PBXFileReference; fileEncoding = 4; lastKnownFileType = sourcecode.c.objc; path = FJDropSheet.m; sourceTree = "<group>"; };
		1FAA0CD51E697511000DEACD /* SolidLine.h */ = {isa = PBXFileReference; fileEncoding = 4; lastKnownFileType = sourcecode.c.h; path = SolidLine.h; sourceTree = "<group>"; };
		1FAA0CD61E697511000DEACD /* SolidLine.m */ = {isa = PBXFileReference; fileEncoding = 4; lastKnownFileType = sourcecode.c.objc; path = SolidLine.m; sourceTree = "<group>"; };
		1FAA0CD81E697609000DEACD /* HorizontalDotLine.h */ = {isa = PBXFileReference; fileEncoding = 4; lastKnownFileType = sourcecode.c.h; path = HorizontalDotLine.h; sourceTree = "<group>"; };
		1FAA0CD91E697609000DEACD /* HorizontalDotLine.m */ = {isa = PBXFileReference; fileEncoding = 4; lastKnownFileType = sourcecode.c.objc; path = HorizontalDotLine.m; sourceTree = "<group>"; };
		1FAA0CDB1E697620000DEACD /* VerticalDotLine.h */ = {isa = PBXFileReference; fileEncoding = 4; lastKnownFileType = sourcecode.c.h; path = VerticalDotLine.h; sourceTree = "<group>"; };
		1FAA0CDC1E697620000DEACD /* VerticalDotLine.m */ = {isa = PBXFileReference; fileEncoding = 4; lastKnownFileType = sourcecode.c.objc; path = VerticalDotLine.m; sourceTree = "<group>"; };
		1FAA0CDF1E697715000DEACD /* FJProgressView.h */ = {isa = PBXFileReference; fileEncoding = 4; lastKnownFileType = sourcecode.c.h; path = FJProgressView.h; sourceTree = "<group>"; };
		1FAA0CE01E697715000DEACD /* FJProgressView.m */ = {isa = PBXFileReference; fileEncoding = 4; lastKnownFileType = sourcecode.c.objc; path = FJProgressView.m; sourceTree = "<group>"; };
		1FAFB63D1E67B65C00CDB5E6 /* SelectAlbumButton.h */ = {isa = PBXFileReference; fileEncoding = 4; lastKnownFileType = sourcecode.c.h; path = SelectAlbumButton.h; sourceTree = "<group>"; };
		1FAFB63E1E67B65C00CDB5E6 /* SelectAlbumButton.m */ = {isa = PBXFileReference; fileEncoding = 4; lastKnownFileType = sourcecode.c.objc; path = SelectAlbumButton.m; sourceTree = "<group>"; };
		1FAFB6401E67B66700CDB5E6 /* SelectAlbumButton.xib */ = {isa = PBXFileReference; fileEncoding = 4; lastKnownFileType = file.xib; path = SelectAlbumButton.xib; sourceTree = "<group>"; };
		1FAFB6421E67C30400CDB5E6 /* FJPhotoMgr.h */ = {isa = PBXFileReference; fileEncoding = 4; lastKnownFileType = sourcecode.c.h; path = FJPhotoMgr.h; sourceTree = "<group>"; };
		1FAFB6431E67C30400CDB5E6 /* FJPhotoMgr.m */ = {isa = PBXFileReference; fileEncoding = 4; lastKnownFileType = sourcecode.c.objc; path = FJPhotoMgr.m; sourceTree = "<group>"; };
		1FAFB6451E67CE5E00CDB5E6 /* FJImageModel.h */ = {isa = PBXFileReference; fileEncoding = 4; lastKnownFileType = sourcecode.c.h; path = FJImageModel.h; sourceTree = "<group>"; };
		1FAFB6461E67CE5E00CDB5E6 /* FJImageModel.m */ = {isa = PBXFileReference; fileEncoding = 4; lastKnownFileType = sourcecode.c.objc; path = FJImageModel.m; sourceTree = "<group>"; };
		1FAFB6481E67CF6200CDB5E6 /* PHAsset+Select.h */ = {isa = PBXFileReference; fileEncoding = 4; lastKnownFileType = sourcecode.c.h; path = "PHAsset+Select.h"; sourceTree = "<group>"; };
		1FAFB6491E67CF6200CDB5E6 /* PHAsset+Select.m */ = {isa = PBXFileReference; fileEncoding = 4; lastKnownFileType = sourcecode.c.objc; path = "PHAsset+Select.m"; sourceTree = "<group>"; };
		1FAFB64B1E67CF6F00CDB5E6 /* UIImage+Clip.h */ = {isa = PBXFileReference; fileEncoding = 4; lastKnownFileType = sourcecode.c.h; path = "UIImage+Clip.h"; sourceTree = "<group>"; };
		1FAFB64C1E67CF6F00CDB5E6 /* UIImage+Clip.m */ = {isa = PBXFileReference; fileEncoding = 4; lastKnownFileType = sourcecode.c.objc; path = "UIImage+Clip.m"; sourceTree = "<group>"; };
		1FAFB64E1E67F7C300CDB5E6 /* FJAlbumListViewController.h */ = {isa = PBXFileReference; fileEncoding = 4; lastKnownFileType = sourcecode.c.h; path = FJAlbumListViewController.h; sourceTree = "<group>"; };
		1FAFB64F1E67F7C300CDB5E6 /* FJAlbumListViewController.m */ = {isa = PBXFileReference; fileEncoding = 4; lastKnownFileType = sourcecode.c.objc; path = FJAlbumListViewController.m; sourceTree = "<group>"; };
		1FAFB6511E67F7DA00CDB5E6 /* FJImageCollectionViewController.h */ = {isa = PBXFileReference; fileEncoding = 4; lastKnownFileType = sourcecode.c.h; path = FJImageCollectionViewController.h; sourceTree = "<group>"; };
		1FAFB6521E67F7DA00CDB5E6 /* FJImageCollectionViewController.m */ = {isa = PBXFileReference; fileEncoding = 4; lastKnownFileType = sourcecode.c.objc; path = FJImageCollectionViewController.m; sourceTree = "<group>"; };
		1FAFB6541E67F7FE00CDB5E6 /* AlbumListTableViewCell.h */ = {isa = PBXFileReference; fileEncoding = 4; lastKnownFileType = sourcecode.c.h; path = AlbumListTableViewCell.h; sourceTree = "<group>"; };
		1FAFB6551E67F7FE00CDB5E6 /* AlbumListTableViewCell.m */ = {isa = PBXFileReference; fileEncoding = 4; lastKnownFileType = sourcecode.c.objc; path = AlbumListTableViewCell.m; sourceTree = "<group>"; };
		1FAFB6571E67F81400CDB5E6 /* ImageCollectionViewCell.h */ = {isa = PBXFileReference; fileEncoding = 4; lastKnownFileType = sourcecode.c.h; path = ImageCollectionViewCell.h; sourceTree = "<group>"; };
		1FAFB6581E67F81400CDB5E6 /* ImageCollectionViewCell.m */ = {isa = PBXFileReference; fileEncoding = 4; lastKnownFileType = sourcecode.c.objc; path = ImageCollectionViewCell.m; sourceTree = "<group>"; };
		1FAFB65A1E67F8A800CDB5E6 /* ImageViewController.h */ = {isa = PBXFileReference; fileEncoding = 4; lastKnownFileType = sourcecode.c.h; path = ImageViewController.h; sourceTree = "<group>"; };
		1FAFB65B1E67F8A800CDB5E6 /* ImageViewController.m */ = {isa = PBXFileReference; fileEncoding = 4; lastKnownFileType = sourcecode.c.objc; path = ImageViewController.m; sourceTree = "<group>"; };
		1FAFB65D1E67F8B800CDB5E6 /* ImagePreviewtransition.h */ = {isa = PBXFileReference; fileEncoding = 4; lastKnownFileType = sourcecode.c.h; path = ImagePreviewtransition.h; sourceTree = "<group>"; };
		1FAFB65E1E67F8B800CDB5E6 /* ImagePreviewtransition.m */ = {isa = PBXFileReference; fileEncoding = 4; lastKnownFileType = sourcecode.c.objc; path = ImagePreviewtransition.m; sourceTree = "<group>"; };
		1FAFB6681E680E4500CDB5E6 /* ch_camera_photo@2x.png */ = {isa = PBXFileReference; lastKnownFileType = image.png; path = "ch_camera_photo@2x.png"; sourceTree = "<group>"; };
		1FAFB6691E680E4500CDB5E6 /* ch_selectbg_photo@2x.png */ = {isa = PBXFileReference; lastKnownFileType = image.png; path = "ch_selectbg_photo@2x.png"; sourceTree = "<group>"; };
		1FAFB66A1E680E4500CDB5E6 /* ch_selectbg_photo@3x.png */ = {isa = PBXFileReference; lastKnownFileType = image.png; path = "ch_selectbg_photo@3x.png"; sourceTree = "<group>"; };
		1FAFB66B1E680E4500CDB5E6 /* ch_camera_photo@3x.png */ = {isa = PBXFileReference; lastKnownFileType = image.png; path = "ch_camera_photo@3x.png"; sourceTree = "<group>"; };
		1FAFB6721E6810A800CDB5E6 /* nav_icon_back_grey@3x.png */ = {isa = PBXFileReference; lastKnownFileType = image.png; path = "nav_icon_back_grey@3x.png"; sourceTree = "<group>"; };
		1FAFB6741E6810A800CDB5E6 /* nav_icon_back_grey@2x.png */ = {isa = PBXFileReference; lastKnownFileType = image.png; path = "nav_icon_back_grey@2x.png"; sourceTree = "<group>"; };
		1FAFB6791E6810A800CDB5E6 /* icon_triangle_down@3x.png */ = {isa = PBXFileReference; lastKnownFileType = image.png; path = "icon_triangle_down@3x.png"; sourceTree = "<group>"; };
		1FAFB67C1E6810A800CDB5E6 /* icon_triangle_down@2x.png */ = {isa = PBXFileReference; lastKnownFileType = image.png; path = "icon_triangle_down@2x.png"; sourceTree = "<group>"; };
		1FBFCB961ECAD81C005AAF2B /* FJRegionViewController.h */ = {isa = PBXFileReference; fileEncoding = 4; lastKnownFileType = sourcecode.c.h; path = FJRegionViewController.h; sourceTree = "<group>"; };
		1FBFCB971ECAD81C005AAF2B /* FJRegionViewController.m */ = {isa = PBXFileReference; fileEncoding = 4; lastKnownFileType = sourcecode.c.objc; path = FJRegionViewController.m; sourceTree = "<group>"; };
		1FBFCBA31ECB09FB005AAF2B /* address.json */ = {isa = PBXFileReference; fileEncoding = 4; lastKnownFileType = text.json; path = address.json; sourceTree = "<group>"; };
		1FED14881E6D43B800CDF91C /* TestViewController.h */ = {isa = PBXFileReference; fileEncoding = 4; lastKnownFileType = sourcecode.c.h; path = TestViewController.h; sourceTree = "<group>"; };
		1FED14891E6D43B800CDF91C /* TestViewController.m */ = {isa = PBXFileReference; fileEncoding = 4; lastKnownFileType = sourcecode.c.objc; path = TestViewController.m; sourceTree = "<group>"; };
		1FED148A1E6D43B800CDF91C /* TestViewController.xib */ = {isa = PBXFileReference; fileEncoding = 4; lastKnownFileType = file.xib; path = TestViewController.xib; sourceTree = "<group>"; };
		1FED148D1E6D478600CDF91C /* UIView+DropSheet.h */ = {isa = PBXFileReference; fileEncoding = 4; lastKnownFileType = sourcecode.c.h; path = "UIView+DropSheet.h"; sourceTree = "<group>"; };
		1FED148E1E6D478600CDF91C /* UIView+DropSheet.m */ = {isa = PBXFileReference; fileEncoding = 4; lastKnownFileType = sourcecode.c.objc; path = "UIView+DropSheet.m"; sourceTree = "<group>"; };
		6FE46E74C651F6418C7FD9E1 /* Pods-FJTool.release.xcconfig */ = {isa = PBXFileReference; includeInIndex = 1; lastKnownFileType = text.xcconfig; name = "Pods-FJTool.release.xcconfig"; path = "Pods/Target Support Files/Pods-FJTool/Pods-FJTool.release.xcconfig"; sourceTree = "<group>"; };
		D959BCA06DC61C39041F9D20 /* Pods-FJTool.debug.xcconfig */ = {isa = PBXFileReference; includeInIndex = 1; lastKnownFileType = text.xcconfig; name = "Pods-FJTool.debug.xcconfig"; path = "Pods/Target Support Files/Pods-FJTool/Pods-FJTool.debug.xcconfig"; sourceTree = "<group>"; };
		E8DB311401340B1D99524D5F /* Pods_FJTool.framework */ = {isa = PBXFileReference; explicitFileType = wrapper.framework; includeInIndex = 0; path = Pods_FJTool.framework; sourceTree = BUILT_PRODUCTS_DIR; };
/* End PBXFileReference section */

/* Begin PBXFrameworksBuildPhase section */
		1F00D4DC1E52A4870018791E /* Frameworks */ = {
			isa = PBXFrameworksBuildPhase;
			buildActionMask = 2147483647;
			files = (
				265D51C9414C0A90D22356C9 /* Pods_FJTool.framework in Frameworks */,
			);
			runOnlyForDeploymentPostprocessing = 0;
		};
/* End PBXFrameworksBuildPhase section */

/* Begin PBXGroup section */
		1F00D4D61E52A4870018791E = {
			isa = PBXGroup;
			children = (
				1F2861751E6008D500862E18 /* FJTool */,
				1F00D4FA1E52A5F80018791E /* FJToolExample */,
				1F00D4E01E52A4870018791E /* Products */,
				680C332794E78DB9A0EE9E9B /* Pods */,
				F2052961CCE969523BEE4C6D /* Frameworks */,
			);
			sourceTree = "<group>";
		};
		1F00D4E01E52A4870018791E /* Products */ = {
			isa = PBXGroup;
			children = (
				1F00D4DF1E52A4870018791E /* FJTool.app */,
			);
			name = Products;
			sourceTree = "<group>";
		};
		1F00D4FA1E52A5F80018791E /* FJToolExample */ = {
			isa = PBXGroup;
			children = (
				1F00D4FB1E52A5F80018791E /* AppDelegate.h */,
				1F00D4FC1E52A5F80018791E /* AppDelegate.m */,
				1F00D4FD1E52A5F80018791E /* Assets.xcassets */,
				1F00D4FE1E52A5F80018791E /* LaunchScreen.storyboard */,
				1F00D5001E52A5F80018791E /* Main.storyboard */,
				1F00D5021E52A5F80018791E /* Info.plist */,
				1F00D5031E52A5F80018791E /* main.m */,
				1F00D5041E52A5F80018791E /* ViewController.h */,
				1F00D5051E52A5F80018791E /* ViewController.m */,
				1FED14881E6D43B800CDF91C /* TestViewController.h */,
				1FED14891E6D43B800CDF91C /* TestViewController.m */,
				1FED148A1E6D43B800CDF91C /* TestViewController.xib */,
			);
			path = FJToolExample;
			sourceTree = "<group>";
		};
		1F154C271E666C6100D94922 /* Pod */ = {
			isa = PBXGroup;
			children = (
				1F154C281E666C7E00D94922 /* PodHelper.h */,
				1F154C291E666C7E00D94922 /* PodHelper.m */,
			);
			path = Pod;
			sourceTree = "<group>";
		};
		1F154C2B1E66EC2E00D94922 /* Camera */ = {
			isa = PBXGroup;
			children = (
				1FAFB6421E67C30400CDB5E6 /* FJPhotoMgr.h */,
				1FAFB6431E67C30400CDB5E6 /* FJPhotoMgr.m */,
				1FAFB6481E67CF6200CDB5E6 /* PHAsset+Select.h */,
				1FAFB6491E67CF6200CDB5E6 /* PHAsset+Select.m */,
				1FAFB64B1E67CF6F00CDB5E6 /* UIImage+Clip.h */,
				1FAFB64C1E67CF6F00CDB5E6 /* UIImage+Clip.m */,
				1FAFB6451E67CE5E00CDB5E6 /* FJImageModel.h */,
				1FAFB6461E67CE5E00CDB5E6 /* FJImageModel.m */,
				1F154C2C1E66ED4000D94922 /* FJPhotoLibraryViewController.h */,
				1F154C2D1E66ED4000D94922 /* FJPhotoLibraryViewController.m */,
				1FAFB63D1E67B65C00CDB5E6 /* SelectAlbumButton.h */,
				1FAFB63E1E67B65C00CDB5E6 /* SelectAlbumButton.m */,
				1FAFB6401E67B66700CDB5E6 /* SelectAlbumButton.xib */,
				1FAFB64E1E67F7C300CDB5E6 /* FJAlbumListViewController.h */,
				1FAFB64F1E67F7C300CDB5E6 /* FJAlbumListViewController.m */,
				1FAFB6511E67F7DA00CDB5E6 /* FJImageCollectionViewController.h */,
				1FAFB6521E67F7DA00CDB5E6 /* FJImageCollectionViewController.m */,
				1FAFB6541E67F7FE00CDB5E6 /* AlbumListTableViewCell.h */,
				1FAFB6551E67F7FE00CDB5E6 /* AlbumListTableViewCell.m */,
				1FAFB6571E67F81400CDB5E6 /* ImageCollectionViewCell.h */,
				1FAFB6581E67F81400CDB5E6 /* ImageCollectionViewCell.m */,
				1FAFB65A1E67F8A800CDB5E6 /* ImageViewController.h */,
				1FAFB65B1E67F8A800CDB5E6 /* ImageViewController.m */,
				1FAFB65D1E67F8B800CDB5E6 /* ImagePreviewtransition.h */,
				1FAFB65E1E67F8B800CDB5E6 /* ImagePreviewtransition.m */,
			);
			path = Camera;
			sourceTree = "<group>";
		};
		1F2861751E6008D500862E18 /* FJTool */ = {
			isa = PBXGroup;
			children = (
				1F5D31FD1E6556AF00ED12EE /* resources */,
				1F2861761E6008D500862E18 /* classes */,
			);
			path = FJTool;
			sourceTree = "<group>";
		};
		1F2861761E6008D500862E18 /* classes */ = {
			isa = PBXGroup;
			children = (
				1F2861901E6008D500862E18 /* FJTool.h */,
				1F2861771E6008D500862E18 /* Appstore */,
				1F28617A1E6008D500862E18 /* Array */,
				1F28617D1E6008D500862E18 /* Block */,
				1F2861801E6008D500862E18 /* Cache */,
				1F154C2B1E66EC2E00D94922 /* Camera */,
				1F2861831E6008D500862E18 /* Color */,
				1F2CBFE81E6822E200952D5E /* CommonUI */,
				1F9212731E715B9300D5AA60 /* Contacts */,
				1F2861881E6008D500862E18 /* Data */,
				1F28618B1E6008D500862E18 /* Date */,
				1F2861911E6008D500862E18 /* Font */,
				1F2861941E6008D500862E18 /* Image */,
				1F2861A11E6008D500862E18 /* Macro */,
				1F2861A61E6008D500862E18 /* Network */,
				1F154C271E666C6100D94922 /* Pod */,
				1F5D322E1E659FB200ED12EE /* Region */,
				1F2861A91E6008D500862E18 /* Storage */,
				1F2861AC1E6008D500862E18 /* String */,
				1F2861AF1E6008D500862E18 /* Timer */,
				1F2861B21E6008D500862E18 /* Translator */,
				1F2861B51E6008D500862E18 /* UUID */,
				1F2861B81E6008D500862E18 /* View */,
			);
			path = classes;
			sourceTree = "<group>";
		};
		1F2861771E6008D500862E18 /* Appstore */ = {
			isa = PBXGroup;
			children = (
				1F2861781E6008D500862E18 /* FJAppRedirect.h */,
				1F2861791E6008D500862E18 /* FJAppRedirect.m */,
			);
			path = Appstore;
			sourceTree = "<group>";
		};
		1F28617A1E6008D500862E18 /* Array */ = {
			isa = PBXGroup;
			children = (
				1F28617B1E6008D500862E18 /* NSArray+Operation.h */,
				1F28617C1E6008D500862E18 /* NSArray+Operation.m */,
				1F3B5AB21EB9AEED005FDE8B /* NSArray+JSONModel.h */,
				1F3B5AB31EB9AEED005FDE8B /* NSArray+JSONModel.m */,
			);
			path = Array;
			sourceTree = "<group>";
		};
		1F28617D1E6008D500862E18 /* Block */ = {
			isa = PBXGroup;
			children = (
				1F28617E1E6008D500862E18 /* NSObject+NotifyBlock.h */,
				1F28617F1E6008D500862E18 /* NSObject+NotifyBlock.m */,
			);
			path = Block;
			sourceTree = "<group>";
		};
		1F2861801E6008D500862E18 /* Cache */ = {
			isa = PBXGroup;
			children = (
				1F2861811E6008D500862E18 /* FJCache.h */,
				1F2861821E6008D500862E18 /* FJCache.m */,
			);
			path = Cache;
			sourceTree = "<group>";
		};
		1F2861831E6008D500862E18 /* Color */ = {
			isa = PBXGroup;
			children = (
				1F2861841E6008D500862E18 /* UIColor+Equal.h */,
				1F2861851E6008D500862E18 /* UIColor+Equal.m */,
				1F2861861E6008D500862E18 /* UIColor+Hex.h */,
				1F2861871E6008D500862E18 /* UIColor+Hex.m */,
			);
			path = Color;
			sourceTree = "<group>";
		};
		1F2861881E6008D500862E18 /* Data */ = {
			isa = PBXGroup;
			children = (
				1F2861891E6008D500862E18 /* NSData+Helper.h */,
				1F28618A1E6008D500862E18 /* NSData+Helper.m */,
			);
			path = Data;
			sourceTree = "<group>";
		};
		1F28618B1E6008D500862E18 /* Date */ = {
			isa = PBXGroup;
			children = (
				1F28618C1E6008D500862E18 /* FJDate.h */,
				1F28618D1E6008D500862E18 /* FJDate.m */,
				1F28618E1E6008D500862E18 /* NSDate+Helper.h */,
				1F28618F1E6008D500862E18 /* NSDate+Helper.m */,
			);
			path = Date;
			sourceTree = "<group>";
		};
		1F2861911E6008D500862E18 /* Font */ = {
			isa = PBXGroup;
			children = (
				1F2861921E6008D500862E18 /* UIFont+Utility.h */,
				1F2861931E6008D500862E18 /* UIFont+Utility.m */,
			);
			path = Font;
			sourceTree = "<group>";
		};
		1F2861941E6008D500862E18 /* Image */ = {
			isa = PBXGroup;
			children = (
				1F2861951E6008D500862E18 /* FJImage.h */,
				1F2861961E6008D500862E18 /* FJImage.m */,
				1F2861971E6008D500862E18 /* UIImage+Color.h */,
				1F2861981E6008D500862E18 /* UIImage+Color.m */,
				1F2861991E6008D500862E18 /* UIImage+Compress.h */,
				1F28619A1E6008D500862E18 /* UIImage+Compress.m */,
				1F28619B1E6008D500862E18 /* UIImage+Text.h */,
				1F28619C1E6008D500862E18 /* UIImage+Text.m */,
			);
			path = Image;
			sourceTree = "<group>";
		};
		1F2861A11E6008D500862E18 /* Macro */ = {
			isa = PBXGroup;
			children = (
				1F2861A21E6008D500862E18 /* Macro.h */,
				1F2861A31E6008D500862E18 /* MacroColor.h */,
				1F2861A41E6008D500862E18 /* MacroDevice.h */,
				1F2861A51E6008D500862E18 /* MacroFont.h */,
			);
			path = Macro;
			sourceTree = "<group>";
		};
		1F2861A61E6008D500862E18 /* Network */ = {
			isa = PBXGroup;
			children = (
				1F2861A71E6008D500862E18 /* FJNetworkMgr.h */,
				1F2861A81E6008D500862E18 /* FJNetworkMgr.m */,
			);
			path = Network;
			sourceTree = "<group>";
		};
		1F2861A91E6008D500862E18 /* Storage */ = {
			isa = PBXGroup;
			children = (
				1F2861AA1E6008D500862E18 /* FJStorage.h */,
				1F2861AB1E6008D500862E18 /* FJStorage.m */,
			);
			path = Storage;
			sourceTree = "<group>";
		};
		1F2861AC1E6008D500862E18 /* String */ = {
			isa = PBXGroup;
			children = (
				1F2861AD1E6008D500862E18 /* NSString+Helper.h */,
				1F2861AE1E6008D500862E18 /* NSString+Helper.m */,
			);
			path = String;
			sourceTree = "<group>";
		};
		1F2861AF1E6008D500862E18 /* Timer */ = {
			isa = PBXGroup;
			children = (
				1F2861B01E6008D500862E18 /* FJTimer.h */,
				1F2861B11E6008D500862E18 /* FJTimer.m */,
			);
			path = Timer;
			sourceTree = "<group>";
		};
		1F2861B21E6008D500862E18 /* Translator */ = {
			isa = PBXGroup;
			children = (
				1F2861B31E6008D500862E18 /* NSString+Translator.h */,
				1F2861B41E6008D500862E18 /* NSString+Translator.m */,
			);
			path = Translator;
			sourceTree = "<group>";
		};
		1F2861B51E6008D500862E18 /* UUID */ = {
			isa = PBXGroup;
			children = (
				1F2861B61E6008D500862E18 /* FJUUID.h */,
				1F2861B71E6008D500862E18 /* FJUUID.m */,
			);
			path = UUID;
			sourceTree = "<group>";
		};
		1F2861B81E6008D500862E18 /* View */ = {
			isa = PBXGroup;
			children = (
				1F2861B91E6008D500862E18 /* UIView+Geometry.h */,
				1F2861BA1E6008D500862E18 /* UIView+Geometry.m */,
				1F2861BB1E6008D500862E18 /* UIView+Layer.h */,
				1F2861BC1E6008D500862E18 /* UIView+Layer.m */,
			);
			path = View;
			sourceTree = "<group>";
		};
		1F2CBFE81E6822E200952D5E /* CommonUI */ = {
			isa = PBXGroup;
			children = (
				1FAA0CD01E697243000DEACD /* DropSheet */,
				1FAA0CD41E697506000DEACD /* Line */,
				1FAA0CBD1E6970FE000DEACD /* Progress */,
				1FAA0CDE1E697700000DEACD /* ProgressView */,
				1FAA0CC01E6970FE000DEACD /* Toast */,
			);
			path = CommonUI;
			sourceTree = "<group>";
		};
		1F5D31FD1E6556AF00ED12EE /* resources */ = {
			isa = PBXGroup;
			children = (
				1FAA0CC81E697205000DEACD /* toast_close_active@2x.png */,
				1FAA0CC91E697205000DEACD /* toast_close_active@3x.png */,
				1FAA0CCA1E697205000DEACD /* toast_close_normal@2x.png */,
				1FAA0CCB1E697205000DEACD /* toast_close_normal@3x.png */,
				1FAFB6681E680E4500CDB5E6 /* ch_camera_photo@2x.png */,
				1FAFB66B1E680E4500CDB5E6 /* ch_camera_photo@3x.png */,
				1FAFB6691E680E4500CDB5E6 /* ch_selectbg_photo@2x.png */,
				1FAFB66A1E680E4500CDB5E6 /* ch_selectbg_photo@3x.png */,
				1FAFB6741E6810A800CDB5E6 /* nav_icon_back_grey@2x.png */,
				1FAFB6721E6810A800CDB5E6 /* nav_icon_back_grey@3x.png */,
				1FAFB67C1E6810A800CDB5E6 /* icon_triangle_down@2x.png */,
				1FAFB6791E6810A800CDB5E6 /* icon_triangle_down@3x.png */,
			);
			path = resources;
			sourceTree = "<group>";
		};
		1F5D322E1E659FB200ED12EE /* Region */ = {
			isa = PBXGroup;
			children = (
				1FBFCBA31ECB09FB005AAF2B /* address.json */,
				1F5D322F1E659FCB00ED12EE /* FJRegion.h */,
				1F5D32301E659FCB00ED12EE /* FJRegion.m */,
				1F5D32321E65A01F00ED12EE /* FJRegionModel.h */,
				1F5D32331E65A01F00ED12EE /* FJRegionModel.m */,
				1FBFCB961ECAD81C005AAF2B /* FJRegionViewController.h */,
				1FBFCB971ECAD81C005AAF2B /* FJRegionViewController.m */,
			);
			path = Region;
			sourceTree = "<group>";
		};
		1F9212731E715B9300D5AA60 /* Contacts */ = {
			isa = PBXGroup;
			children = (
				1F9212741E715BAB00D5AA60 /* FJContacts.h */,
				1F9212751E715BAB00D5AA60 /* FJContacts.m */,
				1F9212771E72614600D5AA60 /* FJContactModel.h */,
				1F9212781E72614600D5AA60 /* FJContactModel.m */,
			);
			path = Contacts;
			sourceTree = "<group>";
		};
		1FAA0CBD1E6970FE000DEACD /* Progress */ = {
			isa = PBXGroup;
			children = (
				1FAA0CBE1E6970FE000DEACD /* UIView+SVProgress.h */,
				1FAA0CBF1E6970FE000DEACD /* UIView+SVProgress.m */,
			);
			path = Progress;
			sourceTree = "<group>";
		};
		1FAA0CC01E6970FE000DEACD /* Toast */ = {
			isa = PBXGroup;
			children = (
				1FAA0CC11E6970FE000DEACD /* NSObject+CRToast.h */,
				1FAA0CC21E6970FE000DEACD /* NSObject+CRToast.m */,
				1FAA0CC31E6970FE000DEACD /* UIView+PromptToast.h */,
				1FAA0CC41E6970FE000DEACD /* UIView+PromptToast.m */,
			);
			path = Toast;
			sourceTree = "<group>";
		};
		1FAA0CD01E697243000DEACD /* DropSheet */ = {
			isa = PBXGroup;
			children = (
				1FAA0CD11E697257000DEACD /* FJDropSheet.h */,
				1FAA0CD21E697257000DEACD /* FJDropSheet.m */,
				1FED148D1E6D478600CDF91C /* UIView+DropSheet.h */,
				1FED148E1E6D478600CDF91C /* UIView+DropSheet.m */,
			);
			path = DropSheet;
			sourceTree = "<group>";
		};
		1FAA0CD41E697506000DEACD /* Line */ = {
			isa = PBXGroup;
			children = (
				1FAA0CD51E697511000DEACD /* SolidLine.h */,
				1FAA0CD61E697511000DEACD /* SolidLine.m */,
				1FAA0CD81E697609000DEACD /* HorizontalDotLine.h */,
				1FAA0CD91E697609000DEACD /* HorizontalDotLine.m */,
				1FAA0CDB1E697620000DEACD /* VerticalDotLine.h */,
				1FAA0CDC1E697620000DEACD /* VerticalDotLine.m */,
			);
			path = Line;
			sourceTree = "<group>";
		};
		1FAA0CDE1E697700000DEACD /* ProgressView */ = {
			isa = PBXGroup;
			children = (
				1FAA0CDF1E697715000DEACD /* FJProgressView.h */,
				1FAA0CE01E697715000DEACD /* FJProgressView.m */,
			);
			path = ProgressView;
			sourceTree = "<group>";
		};
		680C332794E78DB9A0EE9E9B /* Pods */ = {
			isa = PBXGroup;
			children = (
				D959BCA06DC61C39041F9D20 /* Pods-FJTool.debug.xcconfig */,
				6FE46E74C651F6418C7FD9E1 /* Pods-FJTool.release.xcconfig */,
			);
			name = Pods;
			sourceTree = "<group>";
		};
		F2052961CCE969523BEE4C6D /* Frameworks */ = {
			isa = PBXGroup;
			children = (
				E8DB311401340B1D99524D5F /* Pods_FJTool.framework */,
			);
			name = Frameworks;
			sourceTree = "<group>";
		};
/* End PBXGroup section */

/* Begin PBXNativeTarget section */
		1F00D4DE1E52A4870018791E /* FJTool */ = {
			isa = PBXNativeTarget;
			buildConfigurationList = 1F00D4F61E52A4870018791E /* Build configuration list for PBXNativeTarget "FJTool" */;
			buildPhases = (
				763238C116EA44162D83B104 /* [CP] Check Pods Manifest.lock */,
				1F00D4DB1E52A4870018791E /* Sources */,
				1F00D4DC1E52A4870018791E /* Frameworks */,
				1F00D4DD1E52A4870018791E /* Resources */,
				CA673085FBF90407F79836BF /* [CP] Embed Pods Frameworks */,
				3C4AA4C5E1F1B08E12B687B9 /* [CP] Copy Pods Resources */,
			);
			buildRules = (
			);
			dependencies = (
			);
			name = FJTool;
			productName = FJTool;
			productReference = 1F00D4DF1E52A4870018791E /* FJTool.app */;
			productType = "com.apple.product-type.application";
		};
/* End PBXNativeTarget section */

/* Begin PBXProject section */
		1F00D4D71E52A4870018791E /* Project object */ = {
			isa = PBXProject;
			attributes = {
				LastUpgradeCheck = 0820;
				ORGANIZATIONNAME = Jeff;
				TargetAttributes = {
					1F00D4DE1E52A4870018791E = {
						CreatedOnToolsVersion = 8.2.1;
						DevelopmentTeam = 9YHHLB2CQ7;
						ProvisioningStyle = Automatic;
					};
				};
			};
			buildConfigurationList = 1F00D4DA1E52A4870018791E /* Build configuration list for PBXProject "FJTool" */;
			compatibilityVersion = "Xcode 3.2";
			developmentRegion = English;
			hasScannedForEncodings = 0;
			knownRegions = (
				en,
				Base,
			);
			mainGroup = 1F00D4D61E52A4870018791E;
			productRefGroup = 1F00D4E01E52A4870018791E /* Products */;
			projectDirPath = "";
			projectRoot = "";
			targets = (
				1F00D4DE1E52A4870018791E /* FJTool */,
			);
		};
/* End PBXProject section */

/* Begin PBXResourcesBuildPhase section */
		1F00D4DD1E52A4870018791E /* Resources */ = {
			isa = PBXResourcesBuildPhase;
			buildActionMask = 2147483647;
			files = (
				1FAFB66F1E680E4500CDB5E6 /* ch_camera_photo@3x.png in Resources */,
				1FAA0CCF1E697205000DEACD /* toast_close_normal@3x.png in Resources */,
				1F00D5091E52A5F80018791E /* Main.storyboard in Resources */,
				1FAFB6861E6810A800CDB5E6 /* nav_icon_back_grey@3x.png in Resources */,
				1FED148C1E6D43B800CDF91C /* TestViewController.xib in Resources */,
				1FAFB68D1E6810A800CDB5E6 /* icon_triangle_down@3x.png in Resources */,
				1FAFB6881E6810A800CDB5E6 /* nav_icon_back_grey@2x.png in Resources */,
				1FAA0CCD1E697205000DEACD /* toast_close_active@3x.png in Resources */,
				1FAA0CCC1E697205000DEACD /* toast_close_active@2x.png in Resources */,
				1FAFB66D1E680E4500CDB5E6 /* ch_selectbg_photo@2x.png in Resources */,
				1FAFB6901E6810A800CDB5E6 /* icon_triangle_down@2x.png in Resources */,
				1F00D5071E52A5F80018791E /* Assets.xcassets in Resources */,
				1FAFB66C1E680E4500CDB5E6 /* ch_camera_photo@2x.png in Resources */,
				1FAFB6411E67B66700CDB5E6 /* SelectAlbumButton.xib in Resources */,
				1FAFB66E1E680E4500CDB5E6 /* ch_selectbg_photo@3x.png in Resources */,
				1F00D5081E52A5F80018791E /* LaunchScreen.storyboard in Resources */,
				1FBFCBA41ECB09FB005AAF2B /* address.json in Resources */,
				1FAA0CCE1E697205000DEACD /* toast_close_normal@2x.png in Resources */,
			);
			runOnlyForDeploymentPostprocessing = 0;
		};
/* End PBXResourcesBuildPhase section */

/* Begin PBXShellScriptBuildPhase section */
		3C4AA4C5E1F1B08E12B687B9 /* [CP] Copy Pods Resources */ = {
			isa = PBXShellScriptBuildPhase;
			buildActionMask = 2147483647;
			files = (
			);
			inputPaths = (
			);
			name = "[CP] Copy Pods Resources";
			outputPaths = (
			);
			runOnlyForDeploymentPostprocessing = 0;
			shellPath = /bin/sh;
			shellScript = "\"${SRCROOT}/Pods/Target Support Files/Pods-FJTool/Pods-FJTool-resources.sh\"\n";
			showEnvVarsInLog = 0;
		};
		763238C116EA44162D83B104 /* [CP] Check Pods Manifest.lock */ = {
			isa = PBXShellScriptBuildPhase;
			buildActionMask = 2147483647;
			files = (
			);
			inputPaths = (
			);
			name = "[CP] Check Pods Manifest.lock";
			outputPaths = (
			);
			runOnlyForDeploymentPostprocessing = 0;
			shellPath = /bin/sh;
			shellScript = "diff \"${PODS_PODFILE_DIR_PATH}/Podfile.lock\" \"${PODS_ROOT}/Manifest.lock\" > /dev/null\nif [ $? != 0 ] ; then\n    # print error to STDERR\n    echo \"error: The sandbox is not in sync with the Podfile.lock. Run 'pod install' or update your CocoaPods installation.\" >&2\n    exit 1\nfi\n";
			showEnvVarsInLog = 0;
		};
		CA673085FBF90407F79836BF /* [CP] Embed Pods Frameworks */ = {
			isa = PBXShellScriptBuildPhase;
			buildActionMask = 2147483647;
			files = (
			);
			inputPaths = (
			);
			name = "[CP] Embed Pods Frameworks";
			outputPaths = (
			);
			runOnlyForDeploymentPostprocessing = 0;
			shellPath = /bin/sh;
			shellScript = "\"${SRCROOT}/Pods/Target Support Files/Pods-FJTool/Pods-FJTool-frameworks.sh\"\n";
			showEnvVarsInLog = 0;
		};
/* End PBXShellScriptBuildPhase section */

/* Begin PBXSourcesBuildPhase section */
		1F00D4DB1E52A4870018791E /* Sources */ = {
			isa = PBXSourcesBuildPhase;
			buildActionMask = 2147483647;
			files = (
				1F2861C51E6008D500862E18 /* NSDate+Helper.m in Sources */,
				1FAA0CC51E6970FE000DEACD /* UIView+SVProgress.m in Sources */,
				1F2861CF1E6008D500862E18 /* FJTimer.m in Sources */,
				1FED148F1E6D478600CDF91C /* UIView+DropSheet.m in Sources */,
				1FAFB65C1E67F8A800CDB5E6 /* ImageViewController.m in Sources */,
				1F00D50C1E52A5F80018791E /* ViewController.m in Sources */,
				1FAFB6441E67C30400CDB5E6 /* FJPhotoMgr.m in Sources */,
				1F2861BD1E6008D500862E18 /* FJAppRedirect.m in Sources */,
				1FAA0CDA1E697609000DEACD /* HorizontalDotLine.m in Sources */,
				1F2861CD1E6008D500862E18 /* FJStorage.m in Sources */,
				1F154C2F1E66ED4000D94922 /* FJPhotoLibraryViewController.m in Sources */,
				1F2861D21E6008D500862E18 /* UIView+Geometry.m in Sources */,
				1FAFB65F1E67F8B800CDB5E6 /* ImagePreviewtransition.m in Sources */,
				1FED148B1E6D43B800CDF91C /* TestViewController.m in Sources */,
				1FBFCB981ECAD81C005AAF2B /* FJRegionViewController.m in Sources */,
				1F2861C11E6008D500862E18 /* UIColor+Equal.m in Sources */,
				1FAA0CE11E697715000DEACD /* FJProgressView.m in Sources */,
				1FAA0CD71E697511000DEACD /* SolidLine.m in Sources */,
				1FAFB64D1E67CF6F00CDB5E6 /* UIImage+Clip.m in Sources */,
				1F2861C61E6008D500862E18 /* UIFont+Utility.m in Sources */,
				1F2861C91E6008D500862E18 /* UIImage+Compress.m in Sources */,
				1F5D32311E659FCB00ED12EE /* FJRegion.m in Sources */,
				1F2861C71E6008D500862E18 /* FJImage.m in Sources */,
				1FAFB6531E67F7DA00CDB5E6 /* FJImageCollectionViewController.m in Sources */,
				1F00D50B1E52A5F80018791E /* main.m in Sources */,
				1F2861D11E6008D500862E18 /* FJUUID.m in Sources */,
				1F2861C21E6008D500862E18 /* UIColor+Hex.m in Sources */,
				1F2861C41E6008D500862E18 /* FJDate.m in Sources */,
				1F2861D01E6008D500862E18 /* NSString+Translator.m in Sources */,
				1F5D32341E65A01F00ED12EE /* FJRegionModel.m in Sources */,
				1F00D5061E52A5F80018791E /* AppDelegate.m in Sources */,
				1FAFB6591E67F81400CDB5E6 /* ImageCollectionViewCell.m in Sources */,
				1F2861C31E6008D500862E18 /* NSData+Helper.m in Sources */,
				1F2861C01E6008D500862E18 /* FJCache.m in Sources */,
				1FAA0CC61E6970FE000DEACD /* NSObject+CRToast.m in Sources */,
				1F3B5AB41EB9AEED005FDE8B /* NSArray+JSONModel.m in Sources */,
				1F2861D31E6008D500862E18 /* UIView+Layer.m in Sources */,
				1F154C2A1E666C7E00D94922 /* PodHelper.m in Sources */,
				1F2861C81E6008D500862E18 /* UIImage+Color.m in Sources */,
				1F2861CC1E6008D500862E18 /* FJNetworkMgr.m in Sources */,
				1FAA0CD31E697257000DEACD /* FJDropSheet.m in Sources */,
				1FAFB64A1E67CF6200CDB5E6 /* PHAsset+Select.m in Sources */,
				1F9212761E715BAB00D5AA60 /* FJContacts.m in Sources */,
				1FAA0CC71E6970FE000DEACD /* UIView+PromptToast.m in Sources */,
				1FAFB6501E67F7C300CDB5E6 /* FJAlbumListViewController.m in Sources */,
				1FAA0CDD1E697620000DEACD /* VerticalDotLine.m in Sources */,
				1FAFB63F1E67B65C00CDB5E6 /* SelectAlbumButton.m in Sources */,
				1F2861BE1E6008D500862E18 /* NSArray+Operation.m in Sources */,
				1F9212791E72614600D5AA60 /* FJContactModel.m in Sources */,
				1F2861BF1E6008D500862E18 /* NSObject+NotifyBlock.m in Sources */,
				1FAFB6561E67F7FE00CDB5E6 /* AlbumListTableViewCell.m in Sources */,
				1F2861CA1E6008D500862E18 /* UIImage+Text.m in Sources */,
				1F2861CE1E6008D500862E18 /* NSString+Helper.m in Sources */,
				1FAFB6471E67CE5E00CDB5E6 /* FJImageModel.m in Sources */,
			);
			runOnlyForDeploymentPostprocessing = 0;
		};
/* End PBXSourcesBuildPhase section */

/* Begin PBXVariantGroup section */
		1F00D4FE1E52A5F80018791E /* LaunchScreen.storyboard */ = {
			isa = PBXVariantGroup;
			children = (
				1F00D4FF1E52A5F80018791E /* Base */,
			);
			name = LaunchScreen.storyboard;
			sourceTree = "<group>";
		};
		1F00D5001E52A5F80018791E /* Main.storyboard */ = {
			isa = PBXVariantGroup;
			children = (
				1F00D5011E52A5F80018791E /* Base */,
			);
			name = Main.storyboard;
			sourceTree = "<group>";
		};
/* End PBXVariantGroup section */

/* Begin XCBuildConfiguration section */
		1F00D4F41E52A4870018791E /* Debug */ = {
			isa = XCBuildConfiguration;
			buildSettings = {
				ALWAYS_SEARCH_USER_PATHS = NO;
				CLANG_ANALYZER_NONNULL = YES;
				CLANG_CXX_LANGUAGE_STANDARD = "gnu++0x";
				CLANG_CXX_LIBRARY = "libc++";
				CLANG_ENABLE_MODULES = YES;
				CLANG_ENABLE_OBJC_ARC = YES;
				CLANG_WARN_BOOL_CONVERSION = YES;
				CLANG_WARN_CONSTANT_CONVERSION = YES;
				CLANG_WARN_DIRECT_OBJC_ISA_USAGE = YES_ERROR;
				CLANG_WARN_DOCUMENTATION_COMMENTS = YES;
				CLANG_WARN_EMPTY_BODY = YES;
				CLANG_WARN_ENUM_CONVERSION = YES;
				CLANG_WARN_INFINITE_RECURSION = YES;
				CLANG_WARN_INT_CONVERSION = YES;
				CLANG_WARN_OBJC_ROOT_CLASS = YES_ERROR;
				CLANG_WARN_SUSPICIOUS_MOVE = YES;
				CLANG_WARN_UNREACHABLE_CODE = YES;
				CLANG_WARN__DUPLICATE_METHOD_MATCH = YES;
				"CODE_SIGN_IDENTITY[sdk=iphoneos*]" = "iPhone Developer";
				COPY_PHASE_STRIP = NO;
				DEBUG_INFORMATION_FORMAT = dwarf;
				ENABLE_STRICT_OBJC_MSGSEND = YES;
				ENABLE_TESTABILITY = YES;
				GCC_C_LANGUAGE_STANDARD = gnu99;
				GCC_DYNAMIC_NO_PIC = NO;
				GCC_NO_COMMON_BLOCKS = YES;
				GCC_OPTIMIZATION_LEVEL = 0;
				GCC_PREPROCESSOR_DEFINITIONS = (
					"DEBUG=1",
					"$(inherited)",
				);
				GCC_WARN_64_TO_32_BIT_CONVERSION = YES;
				GCC_WARN_ABOUT_RETURN_TYPE = YES_ERROR;
				GCC_WARN_UNDECLARED_SELECTOR = YES;
				GCC_WARN_UNINITIALIZED_AUTOS = YES_AGGRESSIVE;
				GCC_WARN_UNUSED_FUNCTION = YES;
				GCC_WARN_UNUSED_VARIABLE = YES;
				IPHONEOS_DEPLOYMENT_TARGET = 10.2;
				MTL_ENABLE_DEBUG_INFO = YES;
				ONLY_ACTIVE_ARCH = YES;
				SDKROOT = iphoneos;
				TARGETED_DEVICE_FAMILY = "1,2";
			};
			name = Debug;
		};
		1F00D4F51E52A4870018791E /* Release */ = {
			isa = XCBuildConfiguration;
			buildSettings = {
				ALWAYS_SEARCH_USER_PATHS = NO;
				CLANG_ANALYZER_NONNULL = YES;
				CLANG_CXX_LANGUAGE_STANDARD = "gnu++0x";
				CLANG_CXX_LIBRARY = "libc++";
				CLANG_ENABLE_MODULES = YES;
				CLANG_ENABLE_OBJC_ARC = YES;
				CLANG_WARN_BOOL_CONVERSION = YES;
				CLANG_WARN_CONSTANT_CONVERSION = YES;
				CLANG_WARN_DIRECT_OBJC_ISA_USAGE = YES_ERROR;
				CLANG_WARN_DOCUMENTATION_COMMENTS = YES;
				CLANG_WARN_EMPTY_BODY = YES;
				CLANG_WARN_ENUM_CONVERSION = YES;
				CLANG_WARN_INFINITE_RECURSION = YES;
				CLANG_WARN_INT_CONVERSION = YES;
				CLANG_WARN_OBJC_ROOT_CLASS = YES_ERROR;
				CLANG_WARN_SUSPICIOUS_MOVE = YES;
				CLANG_WARN_UNREACHABLE_CODE = YES;
				CLANG_WARN__DUPLICATE_METHOD_MATCH = YES;
				"CODE_SIGN_IDENTITY[sdk=iphoneos*]" = "iPhone Developer";
				COPY_PHASE_STRIP = NO;
				DEBUG_INFORMATION_FORMAT = "dwarf-with-dsym";
				ENABLE_NS_ASSERTIONS = NO;
				ENABLE_STRICT_OBJC_MSGSEND = YES;
				GCC_C_LANGUAGE_STANDARD = gnu99;
				GCC_NO_COMMON_BLOCKS = YES;
				GCC_WARN_64_TO_32_BIT_CONVERSION = YES;
				GCC_WARN_ABOUT_RETURN_TYPE = YES_ERROR;
				GCC_WARN_UNDECLARED_SELECTOR = YES;
				GCC_WARN_UNINITIALIZED_AUTOS = YES_AGGRESSIVE;
				GCC_WARN_UNUSED_FUNCTION = YES;
				GCC_WARN_UNUSED_VARIABLE = YES;
				IPHONEOS_DEPLOYMENT_TARGET = 10.2;
				MTL_ENABLE_DEBUG_INFO = NO;
				SDKROOT = iphoneos;
				TARGETED_DEVICE_FAMILY = "1,2";
				VALIDATE_PRODUCT = YES;
			};
			name = Release;
		};
		1F00D4F71E52A4870018791E /* Debug */ = {
			isa = XCBuildConfiguration;
			baseConfigurationReference = D959BCA06DC61C39041F9D20 /* Pods-FJTool.debug.xcconfig */;
			buildSettings = {
				ASSETCATALOG_COMPILER_APPICON_NAME = AppIcon;
				DEVELOPMENT_TEAM = 9YHHLB2CQ7;
				INFOPLIST_FILE = FJToolExample/Info.plist;
				IPHONEOS_DEPLOYMENT_TARGET = 9.0;
				LD_RUNPATH_SEARCH_PATHS = "$(inherited) @executable_path/Frameworks";
				PRODUCT_BUNDLE_IDENTIFIER = Jeff.FJTool;
				PRODUCT_NAME = "$(TARGET_NAME)";
				TARGETED_DEVICE_FAMILY = 1;
			};
			name = Debug;
		};
		1F00D4F81E52A4870018791E /* Release */ = {
			isa = XCBuildConfiguration;
			baseConfigurationReference = 6FE46E74C651F6418C7FD9E1 /* Pods-FJTool.release.xcconfig */;
			buildSettings = {
				ASSETCATALOG_COMPILER_APPICON_NAME = AppIcon;
				DEVELOPMENT_TEAM = 9YHHLB2CQ7;
				INFOPLIST_FILE = FJToolExample/Info.plist;
				IPHONEOS_DEPLOYMENT_TARGET = 9.0;
				LD_RUNPATH_SEARCH_PATHS = "$(inherited) @executable_path/Frameworks";
				PRODUCT_BUNDLE_IDENTIFIER = Jeff.FJTool;
				PRODUCT_NAME = "$(TARGET_NAME)";
				TARGETED_DEVICE_FAMILY = 1;
			};
			name = Release;
		};
/* End XCBuildConfiguration section */

/* Begin XCConfigurationList section */
		1F00D4DA1E52A4870018791E /* Build configuration list for PBXProject "FJTool" */ = {
			isa = XCConfigurationList;
			buildConfigurations = (
				1F00D4F41E52A4870018791E /* Debug */,
				1F00D4F51E52A4870018791E /* Release */,
			);
			defaultConfigurationIsVisible = 0;
			defaultConfigurationName = Release;
		};
		1F00D4F61E52A4870018791E /* Build configuration list for PBXNativeTarget "FJTool" */ = {
			isa = XCConfigurationList;
			buildConfigurations = (
				1F00D4F71E52A4870018791E /* Debug */,
				1F00D4F81E52A4870018791E /* Release */,
			);
			defaultConfigurationIsVisible = 0;
			defaultConfigurationName = Release;
		};
/* End XCConfigurationList section */
	};
	rootObject = 1F00D4D71E52A4870018791E /* Project object */;
}
