// !$*UTF8*$!
{
	archiveVersion = 1;
	classes = {
	};
	objectVersion = 46;
	objects = {

/* Begin PBXBuildFile section */
		1F00D5061E52A5F80018791E /* AppDelegate.m in Sources */ = {isa = PBXBuildFile; fileRef = 1F00D4FC1E52A5F80018791E /* AppDelegate.m */; };
		1F00D5071E52A5F80018791E /* Assets.xcassets in Resources */ = {isa = PBXBuildFile; fileRef = 1F00D4FD1E52A5F80018791E /* Assets.xcassets */; };
		1F00D5081E52A5F80018791E /* LaunchScreen.storyboard in Resources */ = {isa = PBXBuildFile; fileRef = 1F00D4FE1E52A5F80018791E /* LaunchScreen.storyboard */; };
		1F00D5091E52A5F80018791E /* Main.storyboard in Resources */ = {isa = PBXBuildFile; fileRef = 1F00D5001E52A5F80018791E /* Main.storyboard */; };
		1F00D50B1E52A5F80018791E /* main.m in Sources */ = {isa = PBXBuildFile; fileRef = 1F00D5031E52A5F80018791E /* main.m */; };
		1F00D50C1E52A5F80018791E /* ViewController.m in Sources */ = {isa = PBXBuildFile; fileRef = 1F00D5051E52A5F80018791E /* ViewController.m */; };
		1F2861BD1E6008D500862E18 /* FJAppRedirect.m in Sources */ = {isa = PBXBuildFile; fileRef = 1F2861791E6008D500862E18 /* FJAppRedirect.m */; };
		1F2861BE1E6008D500862E18 /* NSArray+Operation.m in Sources */ = {isa = PBXBuildFile; fileRef = 1F28617C1E6008D500862E18 /* NSArray+Operation.m */; };
		1F2861BF1E6008D500862E18 /* NSObject+Block.m in Sources */ = {isa = PBXBuildFile; fileRef = 1F28617F1E6008D500862E18 /* NSObject+Block.m */; };
		1F2861C01E6008D500862E18 /* FJCache.m in Sources */ = {isa = PBXBuildFile; fileRef = 1F2861821E6008D500862E18 /* FJCache.m */; };
		1F2861C11E6008D500862E18 /* UIColor+Equal.m in Sources */ = {isa = PBXBuildFile; fileRef = 1F2861851E6008D500862E18 /* UIColor+Equal.m */; };
		1F2861C21E6008D500862E18 /* UIColor+Hex.m in Sources */ = {isa = PBXBuildFile; fileRef = 1F2861871E6008D500862E18 /* UIColor+Hex.m */; };
		1F2861C31E6008D500862E18 /* NSData+Helper.m in Sources */ = {isa = PBXBuildFile; fileRef = 1F28618A1E6008D500862E18 /* NSData+Helper.m */; };
		1F2861C41E6008D500862E18 /* FJDate.m in Sources */ = {isa = PBXBuildFile; fileRef = 1F28618D1E6008D500862E18 /* FJDate.m */; };
		1F2861C51E6008D500862E18 /* NSDate+Helper.m in Sources */ = {isa = PBXBuildFile; fileRef = 1F28618F1E6008D500862E18 /* NSDate+Helper.m */; };
		1F2861C61E6008D500862E18 /* UIFont+Utility.m in Sources */ = {isa = PBXBuildFile; fileRef = 1F2861931E6008D500862E18 /* UIFont+Utility.m */; };
		1F2861C71E6008D500862E18 /* FJImage.m in Sources */ = {isa = PBXBuildFile; fileRef = 1F2861961E6008D500862E18 /* FJImage.m */; };
		1F2861C81E6008D500862E18 /* UIImage+Color.m in Sources */ = {isa = PBXBuildFile; fileRef = 1F2861981E6008D500862E18 /* UIImage+Color.m */; };
		1F2861C91E6008D500862E18 /* UIImage+Compress.m in Sources */ = {isa = PBXBuildFile; fileRef = 1F28619A1E6008D500862E18 /* UIImage+Compress.m */; };
		1F2861CA1E6008D500862E18 /* UIImage+Text.m in Sources */ = {isa = PBXBuildFile; fileRef = 1F28619C1E6008D500862E18 /* UIImage+Text.m */; };
		1F2861CB1E6008D500862E18 /* UIImageView+Loading.m in Sources */ = {isa = PBXBuildFile; fileRef = 1F2861A01E6008D500862E18 /* UIImageView+Loading.m */; };
		1F2861CC1E6008D500862E18 /* FJNetworkMgr.m in Sources */ = {isa = PBXBuildFile; fileRef = 1F2861A81E6008D500862E18 /* FJNetworkMgr.m */; };
		1F2861CD1E6008D500862E18 /* FJStorage.m in Sources */ = {isa = PBXBuildFile; fileRef = 1F2861AB1E6008D500862E18 /* FJStorage.m */; };
		1F2861CE1E6008D500862E18 /* NSString+Helper.m in Sources */ = {isa = PBXBuildFile; fileRef = 1F2861AE1E6008D500862E18 /* NSString+Helper.m */; };
		1F2861CF1E6008D500862E18 /* FJTimer.m in Sources */ = {isa = PBXBuildFile; fileRef = 1F2861B11E6008D500862E18 /* FJTimer.m */; };
		1F2861D01E6008D500862E18 /* NSString+Translator.m in Sources */ = {isa = PBXBuildFile; fileRef = 1F2861B41E6008D500862E18 /* NSString+Translator.m */; };
		1F2861D11E6008D500862E18 /* FJUUID.m in Sources */ = {isa = PBXBuildFile; fileRef = 1F2861B71E6008D500862E18 /* FJUUID.m */; };
		1F2861D21E6008D500862E18 /* UIView+Geometry.m in Sources */ = {isa = PBXBuildFile; fileRef = 1F2861BA1E6008D500862E18 /* UIView+Geometry.m */; };
		1F2861D31E6008D500862E18 /* UIView+Layer.m in Sources */ = {isa = PBXBuildFile; fileRef = 1F2861BC1E6008D500862E18 /* UIView+Layer.m */; };
		1F5D31FF1E6557E700ED12EE /* images.xcassets in Resources */ = {isa = PBXBuildFile; fileRef = 1F5D31FE1E6557E700ED12EE /* images.xcassets */; };
		1F5D32021E65619700ED12EE /* NSString+UpaiYun.m in Sources */ = {isa = PBXBuildFile; fileRef = 1F5D32011E65619700ED12EE /* NSString+UpaiYun.m */; };
		1F5D32051E65683200ED12EE /* NSString+Hash.m in Sources */ = {isa = PBXBuildFile; fileRef = 1F5D32041E65683200ED12EE /* NSString+Hash.m */; };
		265D51C9414C0A90D22356C9 /* Pods_FJTool.framework in Frameworks */ = {isa = PBXBuildFile; fileRef = E8DB311401340B1D99524D5F /* Pods_FJTool.framework */; };
/* End PBXBuildFile section */

/* Begin PBXFileReference section */
		1F00D4DF1E52A4870018791E /* FJTool.app */ = {isa = PBXFileReference; explicitFileType = wrapper.application; includeInIndex = 0; path = FJTool.app; sourceTree = BUILT_PRODUCTS_DIR; };
		1F00D4FB1E52A5F80018791E /* AppDelegate.h */ = {isa = PBXFileReference; fileEncoding = 4; lastKnownFileType = sourcecode.c.h; path = AppDelegate.h; sourceTree = "<group>"; };
		1F00D4FC1E52A5F80018791E /* AppDelegate.m */ = {isa = PBXFileReference; fileEncoding = 4; lastKnownFileType = sourcecode.c.objc; path = AppDelegate.m; sourceTree = "<group>"; };
		1F00D4FD1E52A5F80018791E /* Assets.xcassets */ = {isa = PBXFileReference; lastKnownFileType = folder.assetcatalog; path = Assets.xcassets; sourceTree = "<group>"; };
		1F00D4FF1E52A5F80018791E /* Base */ = {isa = PBXFileReference; lastKnownFileType = file.storyboard; name = Base; path = Base.lproj/LaunchScreen.storyboard; sourceTree = "<group>"; };
		1F00D5011E52A5F80018791E /* Base */ = {isa = PBXFileReference; lastKnownFileType = file.storyboard; name = Base; path = Base.lproj/Main.storyboard; sourceTree = "<group>"; };
		1F00D5021E52A5F80018791E /* Info.plist */ = {isa = PBXFileReference; fileEncoding = 4; lastKnownFileType = text.plist.xml; path = Info.plist; sourceTree = "<group>"; };
		1F00D5031E52A5F80018791E /* main.m */ = {isa = PBXFileReference; fileEncoding = 4; lastKnownFileType = sourcecode.c.objc; path = main.m; sourceTree = "<group>"; };
		1F00D5041E52A5F80018791E /* ViewController.h */ = {isa = PBXFileReference; fileEncoding = 4; lastKnownFileType = sourcecode.c.h; path = ViewController.h; sourceTree = "<group>"; };
		1F00D5051E52A5F80018791E /* ViewController.m */ = {isa = PBXFileReference; fileEncoding = 4; lastKnownFileType = sourcecode.c.objc; path = ViewController.m; sourceTree = "<group>"; };
		1F2861781E6008D500862E18 /* FJAppRedirect.h */ = {isa = PBXFileReference; fileEncoding = 4; lastKnownFileType = sourcecode.c.h; path = FJAppRedirect.h; sourceTree = "<group>"; };
		1F2861791E6008D500862E18 /* FJAppRedirect.m */ = {isa = PBXFileReference; fileEncoding = 4; lastKnownFileType = sourcecode.c.objc; path = FJAppRedirect.m; sourceTree = "<group>"; };
		1F28617B1E6008D500862E18 /* NSArray+Operation.h */ = {isa = PBXFileReference; fileEncoding = 4; lastKnownFileType = sourcecode.c.h; path = "NSArray+Operation.h"; sourceTree = "<group>"; };
		1F28617C1E6008D500862E18 /* NSArray+Operation.m */ = {isa = PBXFileReference; fileEncoding = 4; lastKnownFileType = sourcecode.c.objc; path = "NSArray+Operation.m"; sourceTree = "<group>"; };
		1F28617E1E6008D500862E18 /* NSObject+Block.h */ = {isa = PBXFileReference; fileEncoding = 4; lastKnownFileType = sourcecode.c.h; path = "NSObject+Block.h"; sourceTree = "<group>"; };
		1F28617F1E6008D500862E18 /* NSObject+Block.m */ = {isa = PBXFileReference; fileEncoding = 4; lastKnownFileType = sourcecode.c.objc; path = "NSObject+Block.m"; sourceTree = "<group>"; };
		1F2861811E6008D500862E18 /* FJCache.h */ = {isa = PBXFileReference; fileEncoding = 4; lastKnownFileType = sourcecode.c.h; path = FJCache.h; sourceTree = "<group>"; };
		1F2861821E6008D500862E18 /* FJCache.m */ = {isa = PBXFileReference; fileEncoding = 4; lastKnownFileType = sourcecode.c.objc; path = FJCache.m; sourceTree = "<group>"; };
		1F2861841E6008D500862E18 /* UIColor+Equal.h */ = {isa = PBXFileReference; fileEncoding = 4; lastKnownFileType = sourcecode.c.h; path = "UIColor+Equal.h"; sourceTree = "<group>"; };
		1F2861851E6008D500862E18 /* UIColor+Equal.m */ = {isa = PBXFileReference; fileEncoding = 4; lastKnownFileType = sourcecode.c.objc; path = "UIColor+Equal.m"; sourceTree = "<group>"; };
		1F2861861E6008D500862E18 /* UIColor+Hex.h */ = {isa = PBXFileReference; fileEncoding = 4; lastKnownFileType = sourcecode.c.h; path = "UIColor+Hex.h"; sourceTree = "<group>"; };
		1F2861871E6008D500862E18 /* UIColor+Hex.m */ = {isa = PBXFileReference; fileEncoding = 4; lastKnownFileType = sourcecode.c.objc; path = "UIColor+Hex.m"; sourceTree = "<group>"; };
		1F2861891E6008D500862E18 /* NSData+Helper.h */ = {isa = PBXFileReference; fileEncoding = 4; lastKnownFileType = sourcecode.c.h; path = "NSData+Helper.h"; sourceTree = "<group>"; };
		1F28618A1E6008D500862E18 /* NSData+Helper.m */ = {isa = PBXFileReference; fileEncoding = 4; lastKnownFileType = sourcecode.c.objc; path = "NSData+Helper.m"; sourceTree = "<group>"; };
		1F28618C1E6008D500862E18 /* FJDate.h */ = {isa = PBXFileReference; fileEncoding = 4; lastKnownFileType = sourcecode.c.h; path = FJDate.h; sourceTree = "<group>"; };
		1F28618D1E6008D500862E18 /* FJDate.m */ = {isa = PBXFileReference; fileEncoding = 4; lastKnownFileType = sourcecode.c.objc; path = FJDate.m; sourceTree = "<group>"; };
		1F28618E1E6008D500862E18 /* NSDate+Helper.h */ = {isa = PBXFileReference; fileEncoding = 4; lastKnownFileType = sourcecode.c.h; path = "NSDate+Helper.h"; sourceTree = "<group>"; };
		1F28618F1E6008D500862E18 /* NSDate+Helper.m */ = {isa = PBXFileReference; fileEncoding = 4; lastKnownFileType = sourcecode.c.objc; path = "NSDate+Helper.m"; sourceTree = "<group>"; };
		1F2861901E6008D500862E18 /* FJToolHeader.h */ = {isa = PBXFileReference; fileEncoding = 4; lastKnownFileType = sourcecode.c.h; path = FJToolHeader.h; sourceTree = "<group>"; };
		1F2861921E6008D500862E18 /* UIFont+Utility.h */ = {isa = PBXFileReference; fileEncoding = 4; lastKnownFileType = sourcecode.c.h; path = "UIFont+Utility.h"; sourceTree = "<group>"; };
		1F2861931E6008D500862E18 /* UIFont+Utility.m */ = {isa = PBXFileReference; fileEncoding = 4; lastKnownFileType = sourcecode.c.objc; path = "UIFont+Utility.m"; sourceTree = "<group>"; };
		1F2861951E6008D500862E18 /* FJImage.h */ = {isa = PBXFileReference; fileEncoding = 4; lastKnownFileType = sourcecode.c.h; path = FJImage.h; sourceTree = "<group>"; };
		1F2861961E6008D500862E18 /* FJImage.m */ = {isa = PBXFileReference; fileEncoding = 4; lastKnownFileType = sourcecode.c.objc; path = FJImage.m; sourceTree = "<group>"; };
		1F2861971E6008D500862E18 /* UIImage+Color.h */ = {isa = PBXFileReference; fileEncoding = 4; lastKnownFileType = sourcecode.c.h; path = "UIImage+Color.h"; sourceTree = "<group>"; };
		1F2861981E6008D500862E18 /* UIImage+Color.m */ = {isa = PBXFileReference; fileEncoding = 4; lastKnownFileType = sourcecode.c.objc; path = "UIImage+Color.m"; sourceTree = "<group>"; };
		1F2861991E6008D500862E18 /* UIImage+Compress.h */ = {isa = PBXFileReference; fileEncoding = 4; lastKnownFileType = sourcecode.c.h; path = "UIImage+Compress.h"; sourceTree = "<group>"; };
		1F28619A1E6008D500862E18 /* UIImage+Compress.m */ = {isa = PBXFileReference; fileEncoding = 4; lastKnownFileType = sourcecode.c.objc; path = "UIImage+Compress.m"; sourceTree = "<group>"; };
		1F28619B1E6008D500862E18 /* UIImage+Text.h */ = {isa = PBXFileReference; fileEncoding = 4; lastKnownFileType = sourcecode.c.h; path = "UIImage+Text.h"; sourceTree = "<group>"; };
		1F28619C1E6008D500862E18 /* UIImage+Text.m */ = {isa = PBXFileReference; fileEncoding = 4; lastKnownFileType = sourcecode.c.objc; path = "UIImage+Text.m"; sourceTree = "<group>"; };
		1F28619F1E6008D500862E18 /* UIImageView+Loading.h */ = {isa = PBXFileReference; fileEncoding = 4; lastKnownFileType = sourcecode.c.h; path = "UIImageView+Loading.h"; sourceTree = "<group>"; };
		1F2861A01E6008D500862E18 /* UIImageView+Loading.m */ = {isa = PBXFileReference; fileEncoding = 4; lastKnownFileType = sourcecode.c.objc; path = "UIImageView+Loading.m"; sourceTree = "<group>"; };
		1F2861A21E6008D500862E18 /* Macro.h */ = {isa = PBXFileReference; fileEncoding = 4; lastKnownFileType = sourcecode.c.h; path = Macro.h; sourceTree = "<group>"; };
		1F2861A31E6008D500862E18 /* MacroColor.h */ = {isa = PBXFileReference; fileEncoding = 4; lastKnownFileType = sourcecode.c.h; path = MacroColor.h; sourceTree = "<group>"; };
		1F2861A41E6008D500862E18 /* MacroDevice.h */ = {isa = PBXFileReference; fileEncoding = 4; lastKnownFileType = sourcecode.c.h; path = MacroDevice.h; sourceTree = "<group>"; };
		1F2861A51E6008D500862E18 /* MacroFont.h */ = {isa = PBXFileReference; fileEncoding = 4; lastKnownFileType = sourcecode.c.h; path = MacroFont.h; sourceTree = "<group>"; };
		1F2861A71E6008D500862E18 /* FJNetworkMgr.h */ = {isa = PBXFileReference; fileEncoding = 4; lastKnownFileType = sourcecode.c.h; path = FJNetworkMgr.h; sourceTree = "<group>"; };
		1F2861A81E6008D500862E18 /* FJNetworkMgr.m */ = {isa = PBXFileReference; fileEncoding = 4; lastKnownFileType = sourcecode.c.objc; path = FJNetworkMgr.m; sourceTree = "<group>"; };
		1F2861AA1E6008D500862E18 /* FJStorage.h */ = {isa = PBXFileReference; fileEncoding = 4; lastKnownFileType = sourcecode.c.h; path = FJStorage.h; sourceTree = "<group>"; };
		1F2861AB1E6008D500862E18 /* FJStorage.m */ = {isa = PBXFileReference; fileEncoding = 4; lastKnownFileType = sourcecode.c.objc; path = FJStorage.m; sourceTree = "<group>"; };
		1F2861AD1E6008D500862E18 /* NSString+Helper.h */ = {isa = PBXFileReference; fileEncoding = 4; lastKnownFileType = sourcecode.c.h; path = "NSString+Helper.h"; sourceTree = "<group>"; };
		1F2861AE1E6008D500862E18 /* NSString+Helper.m */ = {isa = PBXFileReference; fileEncoding = 4; lastKnownFileType = sourcecode.c.objc; path = "NSString+Helper.m"; sourceTree = "<group>"; };
		1F2861B01E6008D500862E18 /* FJTimer.h */ = {isa = PBXFileReference; fileEncoding = 4; lastKnownFileType = sourcecode.c.h; path = FJTimer.h; sourceTree = "<group>"; };
		1F2861B11E6008D500862E18 /* FJTimer.m */ = {isa = PBXFileReference; fileEncoding = 4; lastKnownFileType = sourcecode.c.objc; path = FJTimer.m; sourceTree = "<group>"; };
		1F2861B31E6008D500862E18 /* NSString+Translator.h */ = {isa = PBXFileReference; fileEncoding = 4; lastKnownFileType = sourcecode.c.h; path = "NSString+Translator.h"; sourceTree = "<group>"; };
		1F2861B41E6008D500862E18 /* NSString+Translator.m */ = {isa = PBXFileReference; fileEncoding = 4; lastKnownFileType = sourcecode.c.objc; path = "NSString+Translator.m"; sourceTree = "<group>"; };
		1F2861B61E6008D500862E18 /* FJUUID.h */ = {isa = PBXFileReference; fileEncoding = 4; lastKnownFileType = sourcecode.c.h; path = FJUUID.h; sourceTree = "<group>"; };
		1F2861B71E6008D500862E18 /* FJUUID.m */ = {isa = PBXFileReference; fileEncoding = 4; lastKnownFileType = sourcecode.c.objc; path = FJUUID.m; sourceTree = "<group>"; };
		1F2861B91E6008D500862E18 /* UIView+Geometry.h */ = {isa = PBXFileReference; fileEncoding = 4; lastKnownFileType = sourcecode.c.h; path = "UIView+Geometry.h"; sourceTree = "<group>"; };
		1F2861BA1E6008D500862E18 /* UIView+Geometry.m */ = {isa = PBXFileReference; fileEncoding = 4; lastKnownFileType = sourcecode.c.objc; path = "UIView+Geometry.m"; sourceTree = "<group>"; };
		1F2861BB1E6008D500862E18 /* UIView+Layer.h */ = {isa = PBXFileReference; fileEncoding = 4; lastKnownFileType = sourcecode.c.h; path = "UIView+Layer.h"; sourceTree = "<group>"; };
		1F2861BC1E6008D500862E18 /* UIView+Layer.m */ = {isa = PBXFileReference; fileEncoding = 4; lastKnownFileType = sourcecode.c.objc; path = "UIView+Layer.m"; sourceTree = "<group>"; };
		1F5D31FE1E6557E700ED12EE /* images.xcassets */ = {isa = PBXFileReference; lastKnownFileType = folder.assetcatalog; path = images.xcassets; sourceTree = "<group>"; };
		1F5D32001E65619700ED12EE /* NSString+UpaiYun.h */ = {isa = PBXFileReference; fileEncoding = 4; lastKnownFileType = sourcecode.c.h; path = "NSString+UpaiYun.h"; sourceTree = "<group>"; };
		1F5D32011E65619700ED12EE /* NSString+UpaiYun.m */ = {isa = PBXFileReference; fileEncoding = 4; lastKnownFileType = sourcecode.c.objc; path = "NSString+UpaiYun.m"; sourceTree = "<group>"; };
		1F5D32031E65683200ED12EE /* NSString+Hash.h */ = {isa = PBXFileReference; fileEncoding = 4; lastKnownFileType = sourcecode.c.h; path = "NSString+Hash.h"; sourceTree = "<group>"; };
		1F5D32041E65683200ED12EE /* NSString+Hash.m */ = {isa = PBXFileReference; fileEncoding = 4; lastKnownFileType = sourcecode.c.objc; path = "NSString+Hash.m"; sourceTree = "<group>"; };
		6FE46E74C651F6418C7FD9E1 /* Pods-FJTool.release.xcconfig */ = {isa = PBXFileReference; includeInIndex = 1; lastKnownFileType = text.xcconfig; name = "Pods-FJTool.release.xcconfig"; path = "Pods/Target Support Files/Pods-FJTool/Pods-FJTool.release.xcconfig"; sourceTree = "<group>"; };
		D959BCA06DC61C39041F9D20 /* Pods-FJTool.debug.xcconfig */ = {isa = PBXFileReference; includeInIndex = 1; lastKnownFileType = text.xcconfig; name = "Pods-FJTool.debug.xcconfig"; path = "Pods/Target Support Files/Pods-FJTool/Pods-FJTool.debug.xcconfig"; sourceTree = "<group>"; };
		E8DB311401340B1D99524D5F /* Pods_FJTool.framework */ = {isa = PBXFileReference; explicitFileType = wrapper.framework; includeInIndex = 0; path = Pods_FJTool.framework; sourceTree = BUILT_PRODUCTS_DIR; };
/* End PBXFileReference section */

/* Begin PBXFrameworksBuildPhase section */
		1F00D4DC1E52A4870018791E /* Frameworks */ = {
			isa = PBXFrameworksBuildPhase;
			buildActionMask = 2147483647;
			files = (
				265D51C9414C0A90D22356C9 /* Pods_FJTool.framework in Frameworks */,
			);
			runOnlyForDeploymentPostprocessing = 0;
		};
/* End PBXFrameworksBuildPhase section */

/* Begin PBXGroup section */
		1F00D4D61E52A4870018791E = {
			isa = PBXGroup;
			children = (
				1F2861751E6008D500862E18 /* FJTool */,
				1F00D4FA1E52A5F80018791E /* FJToolExample */,
				1F00D4E01E52A4870018791E /* Products */,
				680C332794E78DB9A0EE9E9B /* Pods */,
				F2052961CCE969523BEE4C6D /* Frameworks */,
			);
			sourceTree = "<group>";
		};
		1F00D4E01E52A4870018791E /* Products */ = {
			isa = PBXGroup;
			children = (
				1F00D4DF1E52A4870018791E /* FJTool.app */,
			);
			name = Products;
			sourceTree = "<group>";
		};
		1F00D4FA1E52A5F80018791E /* FJToolExample */ = {
			isa = PBXGroup;
			children = (
				1F00D4FB1E52A5F80018791E /* AppDelegate.h */,
				1F00D4FC1E52A5F80018791E /* AppDelegate.m */,
				1F00D4FD1E52A5F80018791E /* Assets.xcassets */,
				1F00D4FE1E52A5F80018791E /* LaunchScreen.storyboard */,
				1F00D5001E52A5F80018791E /* Main.storyboard */,
				1F00D5021E52A5F80018791E /* Info.plist */,
				1F00D5031E52A5F80018791E /* main.m */,
				1F00D5041E52A5F80018791E /* ViewController.h */,
				1F00D5051E52A5F80018791E /* ViewController.m */,
			);
			path = FJToolExample;
			sourceTree = "<group>";
		};
		1F2861751E6008D500862E18 /* FJTool */ = {
			isa = PBXGroup;
			children = (
				1F5D31FD1E6556AF00ED12EE /* resources */,
				1F2861761E6008D500862E18 /* classes */,
			);
			path = FJTool;
			sourceTree = "<group>";
		};
		1F2861761E6008D500862E18 /* classes */ = {
			isa = PBXGroup;
			children = (
				1F2861901E6008D500862E18 /* FJToolHeader.h */,
				1F2861771E6008D500862E18 /* Appstore */,
				1F28617A1E6008D500862E18 /* Array */,
				1F28617D1E6008D500862E18 /* Block */,
				1F2861801E6008D500862E18 /* Cache */,
				1F2861831E6008D500862E18 /* Color */,
				1F2861881E6008D500862E18 /* Data */,
				1F28618B1E6008D500862E18 /* Date */,
				1F2861911E6008D500862E18 /* Font */,
				1F2861941E6008D500862E18 /* Image */,
				1F28619D1E6008D500862E18 /* ImageView */,
				1F2861A11E6008D500862E18 /* Macro */,
				1F2861A61E6008D500862E18 /* Network */,
				1F2861A91E6008D500862E18 /* Storage */,
				1F2861AC1E6008D500862E18 /* String */,
				1F2861AF1E6008D500862E18 /* Timer */,
				1F2861B21E6008D500862E18 /* Translator */,
				1F2861B51E6008D500862E18 /* UUID */,
				1F2861B81E6008D500862E18 /* View */,
			);
			path = classes;
			sourceTree = "<group>";
		};
		1F2861771E6008D500862E18 /* Appstore */ = {
			isa = PBXGroup;
			children = (
				1F2861781E6008D500862E18 /* FJAppRedirect.h */,
				1F2861791E6008D500862E18 /* FJAppRedirect.m */,
			);
			path = Appstore;
			sourceTree = "<group>";
		};
		1F28617A1E6008D500862E18 /* Array */ = {
			isa = PBXGroup;
			children = (
				1F28617B1E6008D500862E18 /* NSArray+Operation.h */,
				1F28617C1E6008D500862E18 /* NSArray+Operation.m */,
			);
			path = Array;
			sourceTree = "<group>";
		};
		1F28617D1E6008D500862E18 /* Block */ = {
			isa = PBXGroup;
			children = (
				1F28617E1E6008D500862E18 /* NSObject+Block.h */,
				1F28617F1E6008D500862E18 /* NSObject+Block.m */,
			);
			path = Block;
			sourceTree = "<group>";
		};
		1F2861801E6008D500862E18 /* Cache */ = {
			isa = PBXGroup;
			children = (
				1F2861811E6008D500862E18 /* FJCache.h */,
				1F2861821E6008D500862E18 /* FJCache.m */,
			);
			path = Cache;
			sourceTree = "<group>";
		};
		1F2861831E6008D500862E18 /* Color */ = {
			isa = PBXGroup;
			children = (
				1F2861841E6008D500862E18 /* UIColor+Equal.h */,
				1F2861851E6008D500862E18 /* UIColor+Equal.m */,
				1F2861861E6008D500862E18 /* UIColor+Hex.h */,
				1F2861871E6008D500862E18 /* UIColor+Hex.m */,
			);
			path = Color;
			sourceTree = "<group>";
		};
		1F2861881E6008D500862E18 /* Data */ = {
			isa = PBXGroup;
			children = (
				1F2861891E6008D500862E18 /* NSData+Helper.h */,
				1F28618A1E6008D500862E18 /* NSData+Helper.m */,
			);
			path = Data;
			sourceTree = "<group>";
		};
		1F28618B1E6008D500862E18 /* Date */ = {
			isa = PBXGroup;
			children = (
				1F28618C1E6008D500862E18 /* FJDate.h */,
				1F28618D1E6008D500862E18 /* FJDate.m */,
				1F28618E1E6008D500862E18 /* NSDate+Helper.h */,
				1F28618F1E6008D500862E18 /* NSDate+Helper.m */,
			);
			path = Date;
			sourceTree = "<group>";
		};
		1F2861911E6008D500862E18 /* Font */ = {
			isa = PBXGroup;
			children = (
				1F2861921E6008D500862E18 /* UIFont+Utility.h */,
				1F2861931E6008D500862E18 /* UIFont+Utility.m */,
			);
			path = Font;
			sourceTree = "<group>";
		};
		1F2861941E6008D500862E18 /* Image */ = {
			isa = PBXGroup;
			children = (
				1F2861951E6008D500862E18 /* FJImage.h */,
				1F2861961E6008D500862E18 /* FJImage.m */,
				1F2861971E6008D500862E18 /* UIImage+Color.h */,
				1F2861981E6008D500862E18 /* UIImage+Color.m */,
				1F2861991E6008D500862E18 /* UIImage+Compress.h */,
				1F28619A1E6008D500862E18 /* UIImage+Compress.m */,
				1F28619B1E6008D500862E18 /* UIImage+Text.h */,
				1F28619C1E6008D500862E18 /* UIImage+Text.m */,
			);
			path = Image;
			sourceTree = "<group>";
		};
		1F28619D1E6008D500862E18 /* ImageView */ = {
			isa = PBXGroup;
			children = (
				1F28619F1E6008D500862E18 /* UIImageView+Loading.h */,
				1F2861A01E6008D500862E18 /* UIImageView+Loading.m */,
				1F5D32001E65619700ED12EE /* NSString+UpaiYun.h */,
				1F5D32011E65619700ED12EE /* NSString+UpaiYun.m */,
				1F5D32031E65683200ED12EE /* NSString+Hash.h */,
				1F5D32041E65683200ED12EE /* NSString+Hash.m */,
			);
			path = ImageView;
			sourceTree = "<group>";
		};
		1F2861A11E6008D500862E18 /* Macro */ = {
			isa = PBXGroup;
			children = (
				1F2861A21E6008D500862E18 /* Macro.h */,
				1F2861A31E6008D500862E18 /* MacroColor.h */,
				1F2861A41E6008D500862E18 /* MacroDevice.h */,
				1F2861A51E6008D500862E18 /* MacroFont.h */,
			);
			path = Macro;
			sourceTree = "<group>";
		};
		1F2861A61E6008D500862E18 /* Network */ = {
			isa = PBXGroup;
			children = (
				1F2861A71E6008D500862E18 /* FJNetworkMgr.h */,
				1F2861A81E6008D500862E18 /* FJNetworkMgr.m */,
			);
			path = Network;
			sourceTree = "<group>";
		};
		1F2861A91E6008D500862E18 /* Storage */ = {
			isa = PBXGroup;
			children = (
				1F2861AA1E6008D500862E18 /* FJStorage.h */,
				1F2861AB1E6008D500862E18 /* FJStorage.m */,
			);
			path = Storage;
			sourceTree = "<group>";
		};
		1F2861AC1E6008D500862E18 /* String */ = {
			isa = PBXGroup;
			children = (
				1F2861AD1E6008D500862E18 /* NSString+Helper.h */,
				1F2861AE1E6008D500862E18 /* NSString+Helper.m */,
			);
			path = String;
			sourceTree = "<group>";
		};
		1F2861AF1E6008D500862E18 /* Timer */ = {
			isa = PBXGroup;
			children = (
				1F2861B01E6008D500862E18 /* FJTimer.h */,
				1F2861B11E6008D500862E18 /* FJTimer.m */,
			);
			path = Timer;
			sourceTree = "<group>";
		};
		1F2861B21E6008D500862E18 /* Translator */ = {
			isa = PBXGroup;
			children = (
				1F2861B31E6008D500862E18 /* NSString+Translator.h */,
				1F2861B41E6008D500862E18 /* NSString+Translator.m */,
			);
			path = Translator;
			sourceTree = "<group>";
		};
		1F2861B51E6008D500862E18 /* UUID */ = {
			isa = PBXGroup;
			children = (
				1F2861B61E6008D500862E18 /* FJUUID.h */,
				1F2861B71E6008D500862E18 /* FJUUID.m */,
			);
			path = UUID;
			sourceTree = "<group>";
		};
		1F2861B81E6008D500862E18 /* View */ = {
			isa = PBXGroup;
			children = (
				1F2861B91E6008D500862E18 /* UIView+Geometry.h */,
				1F2861BA1E6008D500862E18 /* UIView+Geometry.m */,
				1F2861BB1E6008D500862E18 /* UIView+Layer.h */,
				1F2861BC1E6008D500862E18 /* UIView+Layer.m */,
			);
			path = View;
			sourceTree = "<group>";
		};
		1F5D31FD1E6556AF00ED12EE /* resources */ = {
			isa = PBXGroup;
			children = (
				1F5D31FE1E6557E700ED12EE /* images.xcassets */,
			);
			path = resources;
			sourceTree = "<group>";
		};
		680C332794E78DB9A0EE9E9B /* Pods */ = {
			isa = PBXGroup;
			children = (
				D959BCA06DC61C39041F9D20 /* Pods-FJTool.debug.xcconfig */,
				6FE46E74C651F6418C7FD9E1 /* Pods-FJTool.release.xcconfig */,
			);
			name = Pods;
			sourceTree = "<group>";
		};
		F2052961CCE969523BEE4C6D /* Frameworks */ = {
			isa = PBXGroup;
			children = (
				E8DB311401340B1D99524D5F /* Pods_FJTool.framework */,
			);
			name = Frameworks;
			sourceTree = "<group>";
		};
/* End PBXGroup section */

/* Begin PBXNativeTarget section */
		1F00D4DE1E52A4870018791E /* FJTool */ = {
			isa = PBXNativeTarget;
			buildConfigurationList = 1F00D4F61E52A4870018791E /* Build configuration list for PBXNativeTarget "FJTool" */;
			buildPhases = (
				763238C116EA44162D83B104 /* [CP] Check Pods Manifest.lock */,
				1F00D4DB1E52A4870018791E /* Sources */,
				1F00D4DC1E52A4870018791E /* Frameworks */,
				1F00D4DD1E52A4870018791E /* Resources */,
				CA673085FBF90407F79836BF /* [CP] Embed Pods Frameworks */,
				3C4AA4C5E1F1B08E12B687B9 /* [CP] Copy Pods Resources */,
			);
			buildRules = (
			);
			dependencies = (
			);
			name = FJTool;
			productName = FJTool;
			productReference = 1F00D4DF1E52A4870018791E /* FJTool.app */;
			productType = "com.apple.product-type.application";
		};
/* End PBXNativeTarget section */

/* Begin PBXProject section */
		1F00D4D71E52A4870018791E /* Project object */ = {
			isa = PBXProject;
			attributes = {
				LastUpgradeCheck = 0820;
				ORGANIZATIONNAME = Jeff;
				TargetAttributes = {
					1F00D4DE1E52A4870018791E = {
						CreatedOnToolsVersion = 8.2.1;
						ProvisioningStyle = Automatic;
					};
				};
			};
			buildConfigurationList = 1F00D4DA1E52A4870018791E /* Build configuration list for PBXProject "FJTool" */;
			compatibilityVersion = "Xcode 3.2";
			developmentRegion = English;
			hasScannedForEncodings = 0;
			knownRegions = (
				en,
				Base,
			);
			mainGroup = 1F00D4D61E52A4870018791E;
			productRefGroup = 1F00D4E01E52A4870018791E /* Products */;
			projectDirPath = "";
			projectRoot = "";
			targets = (
				1F00D4DE1E52A4870018791E /* FJTool */,
			);
		};
/* End PBXProject section */

/* Begin PBXResourcesBuildPhase section */
		1F00D4DD1E52A4870018791E /* Resources */ = {
			isa = PBXResourcesBuildPhase;
			buildActionMask = 2147483647;
			files = (
				1F00D5091E52A5F80018791E /* Main.storyboard in Resources */,
				1F00D5071E52A5F80018791E /* Assets.xcassets in Resources */,
				1F00D5081E52A5F80018791E /* LaunchScreen.storyboard in Resources */,
				1F5D31FF1E6557E700ED12EE /* images.xcassets in Resources */,
			);
			runOnlyForDeploymentPostprocessing = 0;
		};
/* End PBXResourcesBuildPhase section */

/* Begin PBXShellScriptBuildPhase section */
		3C4AA4C5E1F1B08E12B687B9 /* [CP] Copy Pods Resources */ = {
			isa = PBXShellScriptBuildPhase;
			buildActionMask = 2147483647;
			files = (
			);
			inputPaths = (
			);
			name = "[CP] Copy Pods Resources";
			outputPaths = (
			);
			runOnlyForDeploymentPostprocessing = 0;
			shellPath = /bin/sh;
			shellScript = "\"${SRCROOT}/Pods/Target Support Files/Pods-FJTool/Pods-FJTool-resources.sh\"\n";
			showEnvVarsInLog = 0;
		};
		763238C116EA44162D83B104 /* [CP] Check Pods Manifest.lock */ = {
			isa = PBXShellScriptBuildPhase;
			buildActionMask = 2147483647;
			files = (
			);
			inputPaths = (
			);
			name = "[CP] Check Pods Manifest.lock";
			outputPaths = (
			);
			runOnlyForDeploymentPostprocessing = 0;
			shellPath = /bin/sh;
			shellScript = "diff \"${PODS_ROOT}/../Podfile.lock\" \"${PODS_ROOT}/Manifest.lock\" > /dev/null\nif [ $? != 0 ] ; then\n    # print error to STDERR\n    echo \"error: The sandbox is not in sync with the Podfile.lock. Run 'pod install' or update your CocoaPods installation.\" >&2\n    exit 1\nfi\n";
			showEnvVarsInLog = 0;
		};
		CA673085FBF90407F79836BF /* [CP] Embed Pods Frameworks */ = {
			isa = PBXShellScriptBuildPhase;
			buildActionMask = 2147483647;
			files = (
			);
			inputPaths = (
			);
			name = "[CP] Embed Pods Frameworks";
			outputPaths = (
			);
			runOnlyForDeploymentPostprocessing = 0;
			shellPath = /bin/sh;
			shellScript = "\"${SRCROOT}/Pods/Target Support Files/Pods-FJTool/Pods-FJTool-frameworks.sh\"\n";
			showEnvVarsInLog = 0;
		};
/* End PBXShellScriptBuildPhase section */

/* Begin PBXSourcesBuildPhase section */
		1F00D4DB1E52A4870018791E /* Sources */ = {
			isa = PBXSourcesBuildPhase;
			buildActionMask = 2147483647;
			files = (
				1F2861C51E6008D500862E18 /* NSDate+Helper.m in Sources */,
				1F2861CF1E6008D500862E18 /* FJTimer.m in Sources */,
				1F00D50C1E52A5F80018791E /* ViewController.m in Sources */,
				1F2861BD1E6008D500862E18 /* FJAppRedirect.m in Sources */,
				1F2861CD1E6008D500862E18 /* FJStorage.m in Sources */,
				1F2861D21E6008D500862E18 /* UIView+Geometry.m in Sources */,
				1F2861C11E6008D500862E18 /* UIColor+Equal.m in Sources */,
				1F2861C61E6008D500862E18 /* UIFont+Utility.m in Sources */,
				1F2861C91E6008D500862E18 /* UIImage+Compress.m in Sources */,
				1F2861C71E6008D500862E18 /* FJImage.m in Sources */,
				1F00D50B1E52A5F80018791E /* main.m in Sources */,
				1F2861D11E6008D500862E18 /* FJUUID.m in Sources */,
				1F2861C21E6008D500862E18 /* UIColor+Hex.m in Sources */,
				1F2861C41E6008D500862E18 /* FJDate.m in Sources */,
				1F2861D01E6008D500862E18 /* NSString+Translator.m in Sources */,
				1F00D5061E52A5F80018791E /* AppDelegate.m in Sources */,
				1F2861C31E6008D500862E18 /* NSData+Helper.m in Sources */,
				1F2861C01E6008D500862E18 /* FJCache.m in Sources */,
				1F2861D31E6008D500862E18 /* UIView+Layer.m in Sources */,
				1F2861CB1E6008D500862E18 /* UIImageView+Loading.m in Sources */,
				1F5D32051E65683200ED12EE /* NSString+Hash.m in Sources */,
				1F2861C81E6008D500862E18 /* UIImage+Color.m in Sources */,
				1F2861CC1E6008D500862E18 /* FJNetworkMgr.m in Sources */,
				1F5D32021E65619700ED12EE /* NSString+UpaiYun.m in Sources */,
				1F2861BE1E6008D500862E18 /* NSArray+Operation.m in Sources */,
				1F2861BF1E6008D500862E18 /* NSObject+Block.m in Sources */,
				1F2861CA1E6008D500862E18 /* UIImage+Text.m in Sources */,
				1F2861CE1E6008D500862E18 /* NSString+Helper.m in Sources */,
			);
			runOnlyForDeploymentPostprocessing = 0;
		};
/* End PBXSourcesBuildPhase section */

/* Begin PBXVariantGroup section */
		1F00D4FE1E52A5F80018791E /* LaunchScreen.storyboard */ = {
			isa = PBXVariantGroup;
			children = (
				1F00D4FF1E52A5F80018791E /* Base */,
			);
			name = LaunchScreen.storyboard;
			sourceTree = "<group>";
		};
		1F00D5001E52A5F80018791E /* Main.storyboard */ = {
			isa = PBXVariantGroup;
			children = (
				1F00D5011E52A5F80018791E /* Base */,
			);
			name = Main.storyboard;
			sourceTree = "<group>";
		};
/* End PBXVariantGroup section */

/* Begin XCBuildConfiguration section */
		1F00D4F41E52A4870018791E /* Debug */ = {
			isa = XCBuildConfiguration;
			buildSettings = {
				ALWAYS_SEARCH_USER_PATHS = NO;
				CLANG_ANALYZER_NONNULL = YES;
				CLANG_CXX_LANGUAGE_STANDARD = "gnu++0x";
				CLANG_CXX_LIBRARY = "libc++";
				CLANG_ENABLE_MODULES = YES;
				CLANG_ENABLE_OBJC_ARC = YES;
				CLANG_WARN_BOOL_CONVERSION = YES;
				CLANG_WARN_CONSTANT_CONVERSION = YES;
				CLANG_WARN_DIRECT_OBJC_ISA_USAGE = YES_ERROR;
				CLANG_WARN_DOCUMENTATION_COMMENTS = YES;
				CLANG_WARN_EMPTY_BODY = YES;
				CLANG_WARN_ENUM_CONVERSION = YES;
				CLANG_WARN_INFINITE_RECURSION = YES;
				CLANG_WARN_INT_CONVERSION = YES;
				CLANG_WARN_OBJC_ROOT_CLASS = YES_ERROR;
				CLANG_WARN_SUSPICIOUS_MOVE = YES;
				CLANG_WARN_UNREACHABLE_CODE = YES;
				CLANG_WARN__DUPLICATE_METHOD_MATCH = YES;
				"CODE_SIGN_IDENTITY[sdk=iphoneos*]" = "iPhone Developer";
				COPY_PHASE_STRIP = NO;
				DEBUG_INFORMATION_FORMAT = dwarf;
				ENABLE_STRICT_OBJC_MSGSEND = YES;
				ENABLE_TESTABILITY = YES;
				GCC_C_LANGUAGE_STANDARD = gnu99;
				GCC_DYNAMIC_NO_PIC = NO;
				GCC_NO_COMMON_BLOCKS = YES;
				GCC_OPTIMIZATION_LEVEL = 0;
				GCC_PREPROCESSOR_DEFINITIONS = (
					"DEBUG=1",
					"$(inherited)",
				);
				GCC_WARN_64_TO_32_BIT_CONVERSION = YES;
				GCC_WARN_ABOUT_RETURN_TYPE = YES_ERROR;
				GCC_WARN_UNDECLARED_SELECTOR = YES;
				GCC_WARN_UNINITIALIZED_AUTOS = YES_AGGRESSIVE;
				GCC_WARN_UNUSED_FUNCTION = YES;
				GCC_WARN_UNUSED_VARIABLE = YES;
				IPHONEOS_DEPLOYMENT_TARGET = 10.2;
				MTL_ENABLE_DEBUG_INFO = YES;
				ONLY_ACTIVE_ARCH = YES;
				SDKROOT = iphoneos;
				TARGETED_DEVICE_FAMILY = "1,2";
			};
			name = Debug;
		};
		1F00D4F51E52A4870018791E /* Release */ = {
			isa = XCBuildConfiguration;
			buildSettings = {
				ALWAYS_SEARCH_USER_PATHS = NO;
				CLANG_ANALYZER_NONNULL = YES;
				CLANG_CXX_LANGUAGE_STANDARD = "gnu++0x";
				CLANG_CXX_LIBRARY = "libc++";
				CLANG_ENABLE_MODULES = YES;
				CLANG_ENABLE_OBJC_ARC = YES;
				CLANG_WARN_BOOL_CONVERSION = YES;
				CLANG_WARN_CONSTANT_CONVERSION = YES;
				CLANG_WARN_DIRECT_OBJC_ISA_USAGE = YES_ERROR;
				CLANG_WARN_DOCUMENTATION_COMMENTS = YES;
				CLANG_WARN_EMPTY_BODY = YES;
				CLANG_WARN_ENUM_CONVERSION = YES;
				CLANG_WARN_INFINITE_RECURSION = YES;
				CLANG_WARN_INT_CONVERSION = YES;
				CLANG_WARN_OBJC_ROOT_CLASS = YES_ERROR;
				CLANG_WARN_SUSPICIOUS_MOVE = YES;
				CLANG_WARN_UNREACHABLE_CODE = YES;
				CLANG_WARN__DUPLICATE_METHOD_MATCH = YES;
				"CODE_SIGN_IDENTITY[sdk=iphoneos*]" = "iPhone Developer";
				COPY_PHASE_STRIP = NO;
				DEBUG_INFORMATION_FORMAT = "dwarf-with-dsym";
				ENABLE_NS_ASSERTIONS = NO;
				ENABLE_STRICT_OBJC_MSGSEND = YES;
				GCC_C_LANGUAGE_STANDARD = gnu99;
				GCC_NO_COMMON_BLOCKS = YES;
				GCC_WARN_64_TO_32_BIT_CONVERSION = YES;
				GCC_WARN_ABOUT_RETURN_TYPE = YES_ERROR;
				GCC_WARN_UNDECLARED_SELECTOR = YES;
				GCC_WARN_UNINITIALIZED_AUTOS = YES_AGGRESSIVE;
				GCC_WARN_UNUSED_FUNCTION = YES;
				GCC_WARN_UNUSED_VARIABLE = YES;
				IPHONEOS_DEPLOYMENT_TARGET = 10.2;
				MTL_ENABLE_DEBUG_INFO = NO;
				SDKROOT = iphoneos;
				TARGETED_DEVICE_FAMILY = "1,2";
				VALIDATE_PRODUCT = YES;
			};
			name = Release;
		};
		1F00D4F71E52A4870018791E /* Debug */ = {
			isa = XCBuildConfiguration;
			baseConfigurationReference = D959BCA06DC61C39041F9D20 /* Pods-FJTool.debug.xcconfig */;
			buildSettings = {
				ASSETCATALOG_COMPILER_APPICON_NAME = AppIcon;
				INFOPLIST_FILE = FJToolExample/Info.plist;
				LD_RUNPATH_SEARCH_PATHS = "$(inherited) @executable_path/Frameworks";
				PRODUCT_BUNDLE_IDENTIFIER = Jeff.FJTool;
				PRODUCT_NAME = "$(TARGET_NAME)";
			};
			name = Debug;
		};
		1F00D4F81E52A4870018791E /* Release */ = {
			isa = XCBuildConfiguration;
			baseConfigurationReference = 6FE46E74C651F6418C7FD9E1 /* Pods-FJTool.release.xcconfig */;
			buildSettings = {
				ASSETCATALOG_COMPILER_APPICON_NAME = AppIcon;
				INFOPLIST_FILE = FJToolExample/Info.plist;
				LD_RUNPATH_SEARCH_PATHS = "$(inherited) @executable_path/Frameworks";
				PRODUCT_BUNDLE_IDENTIFIER = Jeff.FJTool;
				PRODUCT_NAME = "$(TARGET_NAME)";
			};
			name = Release;
		};
/* End XCBuildConfiguration section */

/* Begin XCConfigurationList section */
		1F00D4DA1E52A4870018791E /* Build configuration list for PBXProject "FJTool" */ = {
			isa = XCConfigurationList;
			buildConfigurations = (
				1F00D4F41E52A4870018791E /* Debug */,
				1F00D4F51E52A4870018791E /* Release */,
			);
			defaultConfigurationIsVisible = 0;
			defaultConfigurationName = Release;
		};
		1F00D4F61E52A4870018791E /* Build configuration list for PBXNativeTarget "FJTool" */ = {
			isa = XCConfigurationList;
			buildConfigurations = (
				1F00D4F71E52A4870018791E /* Debug */,
				1F00D4F81E52A4870018791E /* Release */,
			);
			defaultConfigurationIsVisible = 0;
			defaultConfigurationName = Release;
		};
/* End XCConfigurationList section */
	};
	rootObject = 1F00D4D71E52A4870018791E /* Project object */;
}
