// !$*UTF8*$!
{
	archiveVersion = 1;
	classes = {
	};
	objectVersion = 46;
	objects = {

/* Begin PBXBuildFile section */
		1F00D5061E52A5F80018791E /* AppDelegate.m in Sources */ = {isa = PBXBuildFile; fileRef = 1F00D4FC1E52A5F80018791E /* AppDelegate.m */; };
		1F00D5071E52A5F80018791E /* Assets.xcassets in Resources */ = {isa = PBXBuildFile; fileRef = 1F00D4FD1E52A5F80018791E /* Assets.xcassets */; };
		1F00D5081E52A5F80018791E /* LaunchScreen.storyboard in Resources */ = {isa = PBXBuildFile; fileRef = 1F00D4FE1E52A5F80018791E /* LaunchScreen.storyboard */; };
		1F00D5091E52A5F80018791E /* Main.storyboard in Resources */ = {isa = PBXBuildFile; fileRef = 1F00D5001E52A5F80018791E /* Main.storyboard */; };
		1F00D50B1E52A5F80018791E /* main.m in Sources */ = {isa = PBXBuildFile; fileRef = 1F00D5031E52A5F80018791E /* main.m */; };
		1F00D50C1E52A5F80018791E /* ViewController.m in Sources */ = {isa = PBXBuildFile; fileRef = 1F00D5051E52A5F80018791E /* ViewController.m */; };
		1F00D5101E52A7730018791E /* FJTimer.m in Sources */ = {isa = PBXBuildFile; fileRef = 1F00D50F1E52A7730018791E /* FJTimer.m */; };
		1F00D5291E52D3BF0018791E /* NSMutableArray+Operation.m in Sources */ = {isa = PBXBuildFile; fileRef = 1F00D5201E52D3BF0018791E /* NSMutableArray+Operation.m */; };
		1F00D52A1E52D3BF0018791E /* UIColor+Equal.m in Sources */ = {isa = PBXBuildFile; fileRef = 1F00D5231E52D3BF0018791E /* UIColor+Equal.m */; };
		1F00D52B1E52D3BF0018791E /* UIColor+Hex.m in Sources */ = {isa = PBXBuildFile; fileRef = 1F00D5251E52D3BF0018791E /* UIColor+Hex.m */; };
		1F00D52C1E52D3BF0018791E /* NSDate+Helper.m in Sources */ = {isa = PBXBuildFile; fileRef = 1F00D5281E52D3BF0018791E /* NSDate+Helper.m */; };
		1F00D5301E52D4F30018791E /* UIFont+Utility.m in Sources */ = {isa = PBXBuildFile; fileRef = 1F00D52F1E52D4F30018791E /* UIFont+Utility.m */; };
		1F00D5341E52D7D50018791E /* UIImage+Color.m in Sources */ = {isa = PBXBuildFile; fileRef = 1F00D5331E52D7D50018791E /* UIImage+Color.m */; };
		1F00D5371E52D7DE0018791E /* UIImage+Text.m in Sources */ = {isa = PBXBuildFile; fileRef = 1F00D5361E52D7DE0018791E /* UIImage+Text.m */; };
		1F00D53B1E52D9000018791E /* UIImageView+Loading.m in Sources */ = {isa = PBXBuildFile; fileRef = 1F00D53A1E52D9000018791E /* UIImageView+Loading.m */; };
		1F00D5401E52DCED0018791E /* NSString+Helper.m in Sources */ = {isa = PBXBuildFile; fileRef = 1F00D53F1E52DCED0018791E /* NSString+Helper.m */; };
		1F00D5441E52FABF0018791E /* NSData+Helper.m in Sources */ = {isa = PBXBuildFile; fileRef = 1F00D5431E52FABF0018791E /* NSData+Helper.m */; };
		1F00D5481E52FC1A0018791E /* NSString+Translator.m in Sources */ = {isa = PBXBuildFile; fileRef = 1F00D5471E52FC1A0018791E /* NSString+Translator.m */; };
		1F00D54C1E5301460018791E /* UIView+Geometry.m in Sources */ = {isa = PBXBuildFile; fileRef = 1F00D54B1E5301460018791E /* UIView+Geometry.m */; };
		1F00D54F1E5301C50018791E /* UIView+Layer.m in Sources */ = {isa = PBXBuildFile; fileRef = 1F00D54E1E5301C50018791E /* UIView+Layer.m */; };
		1F00D5531E53035D0018791E /* NSObject+Block.m in Sources */ = {isa = PBXBuildFile; fileRef = 1F00D5521E53035D0018791E /* NSObject+Block.m */; };
		1F00D5571E5308C90018791E /* FJCache.m in Sources */ = {isa = PBXBuildFile; fileRef = 1F00D5561E5308C90018791E /* FJCache.m */; };
		1F00D55A1E5311300018791E /* FJDate.m in Sources */ = {isa = PBXBuildFile; fileRef = 1F00D5591E5311300018791E /* FJDate.m */; };
		1F00D55D1E5325FA0018791E /* FJImage.m in Sources */ = {isa = PBXBuildFile; fileRef = 1F00D55C1E5325FA0018791E /* FJImage.m */; };
		1F00D5601E5331960018791E /* UIImage+Compress.m in Sources */ = {isa = PBXBuildFile; fileRef = 1F00D55F1E5331960018791E /* UIImage+Compress.m */; };
		1F745E681E53F98100DC1993 /* FJNetworkMgr.m in Sources */ = {isa = PBXBuildFile; fileRef = 1F745E671E53F98100DC1993 /* FJNetworkMgr.m */; };
		1F745E6C1E53FDB600DC1993 /* FJAppRedirect.m in Sources */ = {isa = PBXBuildFile; fileRef = 1F745E6B1E53FDB600DC1993 /* FJAppRedirect.m */; };
		1F745E701E54086700DC1993 /* FJUUID.m in Sources */ = {isa = PBXBuildFile; fileRef = 1F745E6F1E54086700DC1993 /* FJUUID.m */; };
		1F745E741E5409EA00DC1993 /* FJStorage.m in Sources */ = {isa = PBXBuildFile; fileRef = 1F745E731E5409EA00DC1993 /* FJStorage.m */; };
		265D51C9414C0A90D22356C9 /* Pods_FJTool.framework in Frameworks */ = {isa = PBXBuildFile; fileRef = E8DB311401340B1D99524D5F /* Pods_FJTool.framework */; };
/* End PBXBuildFile section */

/* Begin PBXFileReference section */
		1F00D4DF1E52A4870018791E /* FJTool.app */ = {isa = PBXFileReference; explicitFileType = wrapper.application; includeInIndex = 0; path = FJTool.app; sourceTree = BUILT_PRODUCTS_DIR; };
		1F00D4FB1E52A5F80018791E /* AppDelegate.h */ = {isa = PBXFileReference; fileEncoding = 4; lastKnownFileType = sourcecode.c.h; path = AppDelegate.h; sourceTree = "<group>"; };
		1F00D4FC1E52A5F80018791E /* AppDelegate.m */ = {isa = PBXFileReference; fileEncoding = 4; lastKnownFileType = sourcecode.c.objc; path = AppDelegate.m; sourceTree = "<group>"; };
		1F00D4FD1E52A5F80018791E /* Assets.xcassets */ = {isa = PBXFileReference; lastKnownFileType = folder.assetcatalog; path = Assets.xcassets; sourceTree = "<group>"; };
		1F00D4FF1E52A5F80018791E /* Base */ = {isa = PBXFileReference; lastKnownFileType = file.storyboard; name = Base; path = Base.lproj/LaunchScreen.storyboard; sourceTree = "<group>"; };
		1F00D5011E52A5F80018791E /* Base */ = {isa = PBXFileReference; lastKnownFileType = file.storyboard; name = Base; path = Base.lproj/Main.storyboard; sourceTree = "<group>"; };
		1F00D5021E52A5F80018791E /* Info.plist */ = {isa = PBXFileReference; fileEncoding = 4; lastKnownFileType = text.plist.xml; path = Info.plist; sourceTree = "<group>"; };
		1F00D5031E52A5F80018791E /* main.m */ = {isa = PBXFileReference; fileEncoding = 4; lastKnownFileType = sourcecode.c.objc; path = main.m; sourceTree = "<group>"; };
		1F00D5041E52A5F80018791E /* ViewController.h */ = {isa = PBXFileReference; fileEncoding = 4; lastKnownFileType = sourcecode.c.h; path = ViewController.h; sourceTree = "<group>"; };
		1F00D5051E52A5F80018791E /* ViewController.m */ = {isa = PBXFileReference; fileEncoding = 4; lastKnownFileType = sourcecode.c.objc; path = ViewController.m; sourceTree = "<group>"; };
		1F00D50E1E52A7730018791E /* FJTimer.h */ = {isa = PBXFileReference; fileEncoding = 4; lastKnownFileType = sourcecode.c.h; path = FJTimer.h; sourceTree = "<group>"; };
		1F00D50F1E52A7730018791E /* FJTimer.m */ = {isa = PBXFileReference; fileEncoding = 4; lastKnownFileType = sourcecode.c.objc; path = FJTimer.m; sourceTree = "<group>"; };
		1F00D51F1E52D3BF0018791E /* NSMutableArray+Operation.h */ = {isa = PBXFileReference; fileEncoding = 4; lastKnownFileType = sourcecode.c.h; path = "NSMutableArray+Operation.h"; sourceTree = "<group>"; };
		1F00D5201E52D3BF0018791E /* NSMutableArray+Operation.m */ = {isa = PBXFileReference; fileEncoding = 4; lastKnownFileType = sourcecode.c.objc; path = "NSMutableArray+Operation.m"; sourceTree = "<group>"; };
		1F00D5221E52D3BF0018791E /* UIColor+Equal.h */ = {isa = PBXFileReference; fileEncoding = 4; lastKnownFileType = sourcecode.c.h; path = "UIColor+Equal.h"; sourceTree = "<group>"; };
		1F00D5231E52D3BF0018791E /* UIColor+Equal.m */ = {isa = PBXFileReference; fileEncoding = 4; lastKnownFileType = sourcecode.c.objc; path = "UIColor+Equal.m"; sourceTree = "<group>"; };
		1F00D5241E52D3BF0018791E /* UIColor+Hex.h */ = {isa = PBXFileReference; fileEncoding = 4; lastKnownFileType = sourcecode.c.h; path = "UIColor+Hex.h"; sourceTree = "<group>"; };
		1F00D5251E52D3BF0018791E /* UIColor+Hex.m */ = {isa = PBXFileReference; fileEncoding = 4; lastKnownFileType = sourcecode.c.objc; path = "UIColor+Hex.m"; sourceTree = "<group>"; };
		1F00D5271E52D3BF0018791E /* NSDate+Helper.h */ = {isa = PBXFileReference; fileEncoding = 4; lastKnownFileType = sourcecode.c.h; path = "NSDate+Helper.h"; sourceTree = "<group>"; };
		1F00D5281E52D3BF0018791E /* NSDate+Helper.m */ = {isa = PBXFileReference; fileEncoding = 4; lastKnownFileType = sourcecode.c.objc; path = "NSDate+Helper.m"; sourceTree = "<group>"; };
		1F00D52E1E52D4F30018791E /* UIFont+Utility.h */ = {isa = PBXFileReference; fileEncoding = 4; lastKnownFileType = sourcecode.c.h; path = "UIFont+Utility.h"; sourceTree = "<group>"; };
		1F00D52F1E52D4F30018791E /* UIFont+Utility.m */ = {isa = PBXFileReference; fileEncoding = 4; lastKnownFileType = sourcecode.c.objc; path = "UIFont+Utility.m"; sourceTree = "<group>"; };
		1F00D5321E52D7D50018791E /* UIImage+Color.h */ = {isa = PBXFileReference; fileEncoding = 4; lastKnownFileType = sourcecode.c.h; path = "UIImage+Color.h"; sourceTree = "<group>"; };
		1F00D5331E52D7D50018791E /* UIImage+Color.m */ = {isa = PBXFileReference; fileEncoding = 4; lastKnownFileType = sourcecode.c.objc; path = "UIImage+Color.m"; sourceTree = "<group>"; };
		1F00D5351E52D7DE0018791E /* UIImage+Text.h */ = {isa = PBXFileReference; fileEncoding = 4; lastKnownFileType = sourcecode.c.h; path = "UIImage+Text.h"; sourceTree = "<group>"; };
		1F00D5361E52D7DE0018791E /* UIImage+Text.m */ = {isa = PBXFileReference; fileEncoding = 4; lastKnownFileType = sourcecode.c.objc; path = "UIImage+Text.m"; sourceTree = "<group>"; };
		1F00D5391E52D9000018791E /* UIImageView+Loading.h */ = {isa = PBXFileReference; fileEncoding = 4; lastKnownFileType = sourcecode.c.h; path = "UIImageView+Loading.h"; sourceTree = "<group>"; };
		1F00D53A1E52D9000018791E /* UIImageView+Loading.m */ = {isa = PBXFileReference; fileEncoding = 4; lastKnownFileType = sourcecode.c.objc; path = "UIImageView+Loading.m"; sourceTree = "<group>"; };
		1F00D53E1E52DCED0018791E /* NSString+Helper.h */ = {isa = PBXFileReference; fileEncoding = 4; lastKnownFileType = sourcecode.c.h; path = "NSString+Helper.h"; sourceTree = "<group>"; };
		1F00D53F1E52DCED0018791E /* NSString+Helper.m */ = {isa = PBXFileReference; fileEncoding = 4; lastKnownFileType = sourcecode.c.objc; path = "NSString+Helper.m"; sourceTree = "<group>"; };
		1F00D5421E52FABF0018791E /* NSData+Helper.h */ = {isa = PBXFileReference; fileEncoding = 4; lastKnownFileType = sourcecode.c.h; path = "NSData+Helper.h"; sourceTree = "<group>"; };
		1F00D5431E52FABF0018791E /* NSData+Helper.m */ = {isa = PBXFileReference; fileEncoding = 4; lastKnownFileType = sourcecode.c.objc; path = "NSData+Helper.m"; sourceTree = "<group>"; };
		1F00D5461E52FC1A0018791E /* NSString+Translator.h */ = {isa = PBXFileReference; fileEncoding = 4; lastKnownFileType = sourcecode.c.h; path = "NSString+Translator.h"; sourceTree = "<group>"; };
		1F00D5471E52FC1A0018791E /* NSString+Translator.m */ = {isa = PBXFileReference; fileEncoding = 4; lastKnownFileType = sourcecode.c.objc; path = "NSString+Translator.m"; sourceTree = "<group>"; };
		1F00D54A1E5301460018791E /* UIView+Geometry.h */ = {isa = PBXFileReference; fileEncoding = 4; lastKnownFileType = sourcecode.c.h; path = "UIView+Geometry.h"; sourceTree = "<group>"; };
		1F00D54B1E5301460018791E /* UIView+Geometry.m */ = {isa = PBXFileReference; fileEncoding = 4; lastKnownFileType = sourcecode.c.objc; path = "UIView+Geometry.m"; sourceTree = "<group>"; };
		1F00D54D1E5301C50018791E /* UIView+Layer.h */ = {isa = PBXFileReference; fileEncoding = 4; lastKnownFileType = sourcecode.c.h; path = "UIView+Layer.h"; sourceTree = "<group>"; };
		1F00D54E1E5301C50018791E /* UIView+Layer.m */ = {isa = PBXFileReference; fileEncoding = 4; lastKnownFileType = sourcecode.c.objc; path = "UIView+Layer.m"; sourceTree = "<group>"; };
		1F00D5511E53035D0018791E /* NSObject+Block.h */ = {isa = PBXFileReference; fileEncoding = 4; lastKnownFileType = sourcecode.c.h; path = "NSObject+Block.h"; sourceTree = "<group>"; };
		1F00D5521E53035D0018791E /* NSObject+Block.m */ = {isa = PBXFileReference; fileEncoding = 4; lastKnownFileType = sourcecode.c.objc; path = "NSObject+Block.m"; sourceTree = "<group>"; };
		1F00D5551E5308C90018791E /* FJCache.h */ = {isa = PBXFileReference; fileEncoding = 4; lastKnownFileType = sourcecode.c.h; path = FJCache.h; sourceTree = "<group>"; };
		1F00D5561E5308C90018791E /* FJCache.m */ = {isa = PBXFileReference; fileEncoding = 4; lastKnownFileType = sourcecode.c.objc; path = FJCache.m; sourceTree = "<group>"; };
		1F00D5581E5311300018791E /* FJDate.h */ = {isa = PBXFileReference; fileEncoding = 4; lastKnownFileType = sourcecode.c.h; path = FJDate.h; sourceTree = "<group>"; };
		1F00D5591E5311300018791E /* FJDate.m */ = {isa = PBXFileReference; fileEncoding = 4; lastKnownFileType = sourcecode.c.objc; path = FJDate.m; sourceTree = "<group>"; };
		1F00D55B1E5325FA0018791E /* FJImage.h */ = {isa = PBXFileReference; fileEncoding = 4; lastKnownFileType = sourcecode.c.h; path = FJImage.h; sourceTree = "<group>"; };
		1F00D55C1E5325FA0018791E /* FJImage.m */ = {isa = PBXFileReference; fileEncoding = 4; lastKnownFileType = sourcecode.c.objc; path = FJImage.m; sourceTree = "<group>"; };
		1F00D55E1E5331960018791E /* UIImage+Compress.h */ = {isa = PBXFileReference; fileEncoding = 4; lastKnownFileType = sourcecode.c.h; path = "UIImage+Compress.h"; sourceTree = "<group>"; };
		1F00D55F1E5331960018791E /* UIImage+Compress.m */ = {isa = PBXFileReference; fileEncoding = 4; lastKnownFileType = sourcecode.c.objc; path = "UIImage+Compress.m"; sourceTree = "<group>"; };
		1F156D051E5ADF9100660F83 /* Macro.h */ = {isa = PBXFileReference; lastKnownFileType = sourcecode.c.h; path = Macro.h; sourceTree = "<group>"; };
		1F156D061E5AE0A400660F83 /* MacroColor.h */ = {isa = PBXFileReference; lastKnownFileType = sourcecode.c.h; path = MacroColor.h; sourceTree = "<group>"; };
		1F156D0B1E5AE16800660F83 /* FJToolHeader.h */ = {isa = PBXFileReference; lastKnownFileType = sourcecode.c.h; path = FJToolHeader.h; sourceTree = "<group>"; };
		1F745E661E53F98100DC1993 /* FJNetworkMgr.h */ = {isa = PBXFileReference; fileEncoding = 4; lastKnownFileType = sourcecode.c.h; path = FJNetworkMgr.h; sourceTree = "<group>"; };
		1F745E671E53F98100DC1993 /* FJNetworkMgr.m */ = {isa = PBXFileReference; fileEncoding = 4; lastKnownFileType = sourcecode.c.objc; path = FJNetworkMgr.m; sourceTree = "<group>"; };
		1F745E6A1E53FDB600DC1993 /* FJAppRedirect.h */ = {isa = PBXFileReference; fileEncoding = 4; lastKnownFileType = sourcecode.c.h; path = FJAppRedirect.h; sourceTree = "<group>"; };
		1F745E6B1E53FDB600DC1993 /* FJAppRedirect.m */ = {isa = PBXFileReference; fileEncoding = 4; lastKnownFileType = sourcecode.c.objc; path = FJAppRedirect.m; sourceTree = "<group>"; };
		1F745E6E1E54086700DC1993 /* FJUUID.h */ = {isa = PBXFileReference; fileEncoding = 4; lastKnownFileType = sourcecode.c.h; path = FJUUID.h; sourceTree = "<group>"; };
		1F745E6F1E54086700DC1993 /* FJUUID.m */ = {isa = PBXFileReference; fileEncoding = 4; lastKnownFileType = sourcecode.c.objc; path = FJUUID.m; sourceTree = "<group>"; };
		1F745E721E5409EA00DC1993 /* FJStorage.h */ = {isa = PBXFileReference; fileEncoding = 4; lastKnownFileType = sourcecode.c.h; path = FJStorage.h; sourceTree = "<group>"; };
		1F745E731E5409EA00DC1993 /* FJStorage.m */ = {isa = PBXFileReference; fileEncoding = 4; lastKnownFileType = sourcecode.c.objc; path = FJStorage.m; sourceTree = "<group>"; };
		6FE46E74C651F6418C7FD9E1 /* Pods-FJTool.release.xcconfig */ = {isa = PBXFileReference; includeInIndex = 1; lastKnownFileType = text.xcconfig; name = "Pods-FJTool.release.xcconfig"; path = "Pods/Target Support Files/Pods-FJTool/Pods-FJTool.release.xcconfig"; sourceTree = "<group>"; };
		D959BCA06DC61C39041F9D20 /* Pods-FJTool.debug.xcconfig */ = {isa = PBXFileReference; includeInIndex = 1; lastKnownFileType = text.xcconfig; name = "Pods-FJTool.debug.xcconfig"; path = "Pods/Target Support Files/Pods-FJTool/Pods-FJTool.debug.xcconfig"; sourceTree = "<group>"; };
		E8DB311401340B1D99524D5F /* Pods_FJTool.framework */ = {isa = PBXFileReference; explicitFileType = wrapper.framework; includeInIndex = 0; path = Pods_FJTool.framework; sourceTree = BUILT_PRODUCTS_DIR; };
/* End PBXFileReference section */

/* Begin PBXFrameworksBuildPhase section */
		1F00D4DC1E52A4870018791E /* Frameworks */ = {
			isa = PBXFrameworksBuildPhase;
			buildActionMask = 2147483647;
			files = (
				265D51C9414C0A90D22356C9 /* Pods_FJTool.framework in Frameworks */,
			);
			runOnlyForDeploymentPostprocessing = 0;
		};
/* End PBXFrameworksBuildPhase section */

/* Begin PBXGroup section */
		1F00D4D61E52A4870018791E = {
			isa = PBXGroup;
			children = (
				1F00D4F91E52A5F80018791E /* FJTool */,
				1F00D4FA1E52A5F80018791E /* FJToolExample */,
				1F00D4E01E52A4870018791E /* Products */,
				680C332794E78DB9A0EE9E9B /* Pods */,
				F2052961CCE969523BEE4C6D /* Frameworks */,
			);
			sourceTree = "<group>";
		};
		1F00D4E01E52A4870018791E /* Products */ = {
			isa = PBXGroup;
			children = (
				1F00D4DF1E52A4870018791E /* FJTool.app */,
			);
			name = Products;
			sourceTree = "<group>";
		};
		1F00D4F91E52A5F80018791E /* FJTool */ = {
			isa = PBXGroup;
			children = (
				1F156D0B1E5AE16800660F83 /* FJToolHeader.h */,
				1F745E691E53FD9200DC1993 /* Appstore */,
				1F00D51E1E52D3BF0018791E /* Array */,
				1F00D5501E53034C0018791E /* Block */,
				1F00D5211E52D3BF0018791E /* Color */,
				1F00D5411E52FAAF0018791E /* Data */,
				1F00D5261E52D3BF0018791E /* Date */,
				1F00D5311E52D7C70018791E /* Image */,
				1F00D5381E52D8F20018791E /* ImageView */,
				1F00D52D1E52D4F30018791E /* Font */,
				1F156D041E5ADF8000660F83 /* Macro */,
				1F745E651E53F96D00DC1993 /* Network */,
				1F745E711E5409D500DC1993 /* Storage */,
				1F00D53D1E52DC750018791E /* String */,
				1F00D5451E52FC0A0018791E /* Translator */,
				1F745E6D1E54084900DC1993 /* UUID */,
				1F00D5491E5301190018791E /* View */,
				1F00D5541E5308650018791E /* FJCache */,
				1F00D50D1E52A7730018791E /* FJTimer */,
			);
			path = FJTool;
			sourceTree = "<group>";
		};
		1F00D4FA1E52A5F80018791E /* FJToolExample */ = {
			isa = PBXGroup;
			children = (
				1F00D4FB1E52A5F80018791E /* AppDelegate.h */,
				1F00D4FC1E52A5F80018791E /* AppDelegate.m */,
				1F00D4FD1E52A5F80018791E /* Assets.xcassets */,
				1F00D4FE1E52A5F80018791E /* LaunchScreen.storyboard */,
				1F00D5001E52A5F80018791E /* Main.storyboard */,
				1F00D5021E52A5F80018791E /* Info.plist */,
				1F00D5031E52A5F80018791E /* main.m */,
				1F00D5041E52A5F80018791E /* ViewController.h */,
				1F00D5051E52A5F80018791E /* ViewController.m */,
			);
			path = FJToolExample;
			sourceTree = "<group>";
		};
		1F00D50D1E52A7730018791E /* FJTimer */ = {
			isa = PBXGroup;
			children = (
				1F00D50E1E52A7730018791E /* FJTimer.h */,
				1F00D50F1E52A7730018791E /* FJTimer.m */,
			);
			path = FJTimer;
			sourceTree = "<group>";
		};
		1F00D51E1E52D3BF0018791E /* Array */ = {
			isa = PBXGroup;
			children = (
				1F00D51F1E52D3BF0018791E /* NSMutableArray+Operation.h */,
				1F00D5201E52D3BF0018791E /* NSMutableArray+Operation.m */,
			);
			path = Array;
			sourceTree = "<group>";
		};
		1F00D5211E52D3BF0018791E /* Color */ = {
			isa = PBXGroup;
			children = (
				1F00D5221E52D3BF0018791E /* UIColor+Equal.h */,
				1F00D5231E52D3BF0018791E /* UIColor+Equal.m */,
				1F00D5241E52D3BF0018791E /* UIColor+Hex.h */,
				1F00D5251E52D3BF0018791E /* UIColor+Hex.m */,
			);
			path = Color;
			sourceTree = "<group>";
		};
		1F00D5261E52D3BF0018791E /* Date */ = {
			isa = PBXGroup;
			children = (
				1F00D5271E52D3BF0018791E /* NSDate+Helper.h */,
				1F00D5281E52D3BF0018791E /* NSDate+Helper.m */,
				1F00D5581E5311300018791E /* FJDate.h */,
				1F00D5591E5311300018791E /* FJDate.m */,
			);
			path = Date;
			sourceTree = "<group>";
		};
		1F00D52D1E52D4F30018791E /* Font */ = {
			isa = PBXGroup;
			children = (
				1F00D52E1E52D4F30018791E /* UIFont+Utility.h */,
				1F00D52F1E52D4F30018791E /* UIFont+Utility.m */,
			);
			path = Font;
			sourceTree = "<group>";
		};
		1F00D5311E52D7C70018791E /* Image */ = {
			isa = PBXGroup;
			children = (
				1F00D5321E52D7D50018791E /* UIImage+Color.h */,
				1F00D5331E52D7D50018791E /* UIImage+Color.m */,
				1F00D55E1E5331960018791E /* UIImage+Compress.h */,
				1F00D55F1E5331960018791E /* UIImage+Compress.m */,
				1F00D5351E52D7DE0018791E /* UIImage+Text.h */,
				1F00D5361E52D7DE0018791E /* UIImage+Text.m */,
				1F00D55B1E5325FA0018791E /* FJImage.h */,
				1F00D55C1E5325FA0018791E /* FJImage.m */,
			);
			path = Image;
			sourceTree = "<group>";
		};
		1F00D5381E52D8F20018791E /* ImageView */ = {
			isa = PBXGroup;
			children = (
				1F00D53C1E52D9430018791E /* images */,
				1F00D5391E52D9000018791E /* UIImageView+Loading.h */,
				1F00D53A1E52D9000018791E /* UIImageView+Loading.m */,
			);
			path = ImageView;
			sourceTree = "<group>";
		};
		1F00D53C1E52D9430018791E /* images */ = {
			isa = PBXGroup;
			children = (
			);
			path = images;
			sourceTree = "<group>";
		};
		1F00D53D1E52DC750018791E /* String */ = {
			isa = PBXGroup;
			children = (
				1F00D53E1E52DCED0018791E /* NSString+Helper.h */,
				1F00D53F1E52DCED0018791E /* NSString+Helper.m */,
			);
			path = String;
			sourceTree = "<group>";
		};
		1F00D5411E52FAAF0018791E /* Data */ = {
			isa = PBXGroup;
			children = (
				1F00D5421E52FABF0018791E /* NSData+Helper.h */,
				1F00D5431E52FABF0018791E /* NSData+Helper.m */,
			);
			path = Data;
			sourceTree = "<group>";
		};
		1F00D5451E52FC0A0018791E /* Translator */ = {
			isa = PBXGroup;
			children = (
				1F00D5461E52FC1A0018791E /* NSString+Translator.h */,
				1F00D5471E52FC1A0018791E /* NSString+Translator.m */,
			);
			path = Translator;
			sourceTree = "<group>";
		};
		1F00D5491E5301190018791E /* View */ = {
			isa = PBXGroup;
			children = (
				1F00D54A1E5301460018791E /* UIView+Geometry.h */,
				1F00D54B1E5301460018791E /* UIView+Geometry.m */,
				1F00D54D1E5301C50018791E /* UIView+Layer.h */,
				1F00D54E1E5301C50018791E /* UIView+Layer.m */,
			);
			path = View;
			sourceTree = "<group>";
		};
		1F00D5501E53034C0018791E /* Block */ = {
			isa = PBXGroup;
			children = (
				1F00D5511E53035D0018791E /* NSObject+Block.h */,
				1F00D5521E53035D0018791E /* NSObject+Block.m */,
			);
			path = Block;
			sourceTree = "<group>";
		};
		1F00D5541E5308650018791E /* FJCache */ = {
			isa = PBXGroup;
			children = (
				1F00D5551E5308C90018791E /* FJCache.h */,
				1F00D5561E5308C90018791E /* FJCache.m */,
			);
			path = FJCache;
			sourceTree = "<group>";
		};
		1F156D041E5ADF8000660F83 /* Macro */ = {
			isa = PBXGroup;
			children = (
				1F156D051E5ADF9100660F83 /* Macro.h */,
				1F156D061E5AE0A400660F83 /* MacroColor.h */,
			);
			path = Macro;
			sourceTree = "<group>";
		};
		1F745E651E53F96D00DC1993 /* Network */ = {
			isa = PBXGroup;
			children = (
				1F745E661E53F98100DC1993 /* FJNetworkMgr.h */,
				1F745E671E53F98100DC1993 /* FJNetworkMgr.m */,
			);
			path = Network;
			sourceTree = "<group>";
		};
		1F745E691E53FD9200DC1993 /* Appstore */ = {
			isa = PBXGroup;
			children = (
				1F745E6A1E53FDB600DC1993 /* FJAppRedirect.h */,
				1F745E6B1E53FDB600DC1993 /* FJAppRedirect.m */,
			);
			path = Appstore;
			sourceTree = "<group>";
		};
		1F745E6D1E54084900DC1993 /* UUID */ = {
			isa = PBXGroup;
			children = (
				1F745E6E1E54086700DC1993 /* FJUUID.h */,
				1F745E6F1E54086700DC1993 /* FJUUID.m */,
			);
			path = UUID;
			sourceTree = "<group>";
		};
		1F745E711E5409D500DC1993 /* Storage */ = {
			isa = PBXGroup;
			children = (
				1F745E721E5409EA00DC1993 /* FJStorage.h */,
				1F745E731E5409EA00DC1993 /* FJStorage.m */,
			);
			path = Storage;
			sourceTree = "<group>";
		};
		680C332794E78DB9A0EE9E9B /* Pods */ = {
			isa = PBXGroup;
			children = (
				D959BCA06DC61C39041F9D20 /* Pods-FJTool.debug.xcconfig */,
				6FE46E74C651F6418C7FD9E1 /* Pods-FJTool.release.xcconfig */,
			);
			name = Pods;
			sourceTree = "<group>";
		};
		F2052961CCE969523BEE4C6D /* Frameworks */ = {
			isa = PBXGroup;
			children = (
				E8DB311401340B1D99524D5F /* Pods_FJTool.framework */,
			);
			name = Frameworks;
			sourceTree = "<group>";
		};
/* End PBXGroup section */

/* Begin PBXNativeTarget section */
		1F00D4DE1E52A4870018791E /* FJTool */ = {
			isa = PBXNativeTarget;
			buildConfigurationList = 1F00D4F61E52A4870018791E /* Build configuration list for PBXNativeTarget "FJTool" */;
			buildPhases = (
				763238C116EA44162D83B104 /* [CP] Check Pods Manifest.lock */,
				1F00D4DB1E52A4870018791E /* Sources */,
				1F00D4DC1E52A4870018791E /* Frameworks */,
				1F00D4DD1E52A4870018791E /* Resources */,
				CA673085FBF90407F79836BF /* [CP] Embed Pods Frameworks */,
				3C4AA4C5E1F1B08E12B687B9 /* [CP] Copy Pods Resources */,
			);
			buildRules = (
			);
			dependencies = (
			);
			name = FJTool;
			productName = FJTool;
			productReference = 1F00D4DF1E52A4870018791E /* FJTool.app */;
			productType = "com.apple.product-type.application";
		};
/* End PBXNativeTarget section */

/* Begin PBXProject section */
		1F00D4D71E52A4870018791E /* Project object */ = {
			isa = PBXProject;
			attributes = {
				LastUpgradeCheck = 0820;
				ORGANIZATIONNAME = Jeff;
				TargetAttributes = {
					1F00D4DE1E52A4870018791E = {
						CreatedOnToolsVersion = 8.2.1;
						ProvisioningStyle = Automatic;
					};
				};
			};
			buildConfigurationList = 1F00D4DA1E52A4870018791E /* Build configuration list for PBXProject "FJTool" */;
			compatibilityVersion = "Xcode 3.2";
			developmentRegion = English;
			hasScannedForEncodings = 0;
			knownRegions = (
				en,
				Base,
			);
			mainGroup = 1F00D4D61E52A4870018791E;
			productRefGroup = 1F00D4E01E52A4870018791E /* Products */;
			projectDirPath = "";
			projectRoot = "";
			targets = (
				1F00D4DE1E52A4870018791E /* FJTool */,
			);
		};
/* End PBXProject section */

/* Begin PBXResourcesBuildPhase section */
		1F00D4DD1E52A4870018791E /* Resources */ = {
			isa = PBXResourcesBuildPhase;
			buildActionMask = 2147483647;
			files = (
				1F00D5091E52A5F80018791E /* Main.storyboard in Resources */,
				1F00D5071E52A5F80018791E /* Assets.xcassets in Resources */,
				1F00D5081E52A5F80018791E /* LaunchScreen.storyboard in Resources */,
			);
			runOnlyForDeploymentPostprocessing = 0;
		};
/* End PBXResourcesBuildPhase section */

/* Begin PBXShellScriptBuildPhase section */
		3C4AA4C5E1F1B08E12B687B9 /* [CP] Copy Pods Resources */ = {
			isa = PBXShellScriptBuildPhase;
			buildActionMask = 2147483647;
			files = (
			);
			inputPaths = (
			);
			name = "[CP] Copy Pods Resources";
			outputPaths = (
			);
			runOnlyForDeploymentPostprocessing = 0;
			shellPath = /bin/sh;
			shellScript = "\"${SRCROOT}/Pods/Target Support Files/Pods-FJTool/Pods-FJTool-resources.sh\"\n";
			showEnvVarsInLog = 0;
		};
		763238C116EA44162D83B104 /* [CP] Check Pods Manifest.lock */ = {
			isa = PBXShellScriptBuildPhase;
			buildActionMask = 2147483647;
			files = (
			);
			inputPaths = (
			);
			name = "[CP] Check Pods Manifest.lock";
			outputPaths = (
			);
			runOnlyForDeploymentPostprocessing = 0;
			shellPath = /bin/sh;
			shellScript = "diff \"${PODS_ROOT}/../Podfile.lock\" \"${PODS_ROOT}/Manifest.lock\" > /dev/null\nif [ $? != 0 ] ; then\n    # print error to STDERR\n    echo \"error: The sandbox is not in sync with the Podfile.lock. Run 'pod install' or update your CocoaPods installation.\" >&2\n    exit 1\nfi\n";
			showEnvVarsInLog = 0;
		};
		CA673085FBF90407F79836BF /* [CP] Embed Pods Frameworks */ = {
			isa = PBXShellScriptBuildPhase;
			buildActionMask = 2147483647;
			files = (
			);
			inputPaths = (
			);
			name = "[CP] Embed Pods Frameworks";
			outputPaths = (
			);
			runOnlyForDeploymentPostprocessing = 0;
			shellPath = /bin/sh;
			shellScript = "\"${SRCROOT}/Pods/Target Support Files/Pods-FJTool/Pods-FJTool-frameworks.sh\"\n";
			showEnvVarsInLog = 0;
		};
/* End PBXShellScriptBuildPhase section */

/* Begin PBXSourcesBuildPhase section */
		1F00D4DB1E52A4870018791E /* Sources */ = {
			isa = PBXSourcesBuildPhase;
			buildActionMask = 2147483647;
			files = (
				1F00D52A1E52D3BF0018791E /* UIColor+Equal.m in Sources */,
				1F00D53B1E52D9000018791E /* UIImageView+Loading.m in Sources */,
				1F00D50C1E52A5F80018791E /* ViewController.m in Sources */,
				1F00D5101E52A7730018791E /* FJTimer.m in Sources */,
				1F00D50B1E52A5F80018791E /* main.m in Sources */,
				1F00D55D1E5325FA0018791E /* FJImage.m in Sources */,
				1F745E681E53F98100DC1993 /* FJNetworkMgr.m in Sources */,
				1F00D55A1E5311300018791E /* FJDate.m in Sources */,
				1F745E701E54086700DC1993 /* FJUUID.m in Sources */,
				1F00D52C1E52D3BF0018791E /* NSDate+Helper.m in Sources */,
				1F00D5371E52D7DE0018791E /* UIImage+Text.m in Sources */,
				1F00D5571E5308C90018791E /* FJCache.m in Sources */,
				1F00D52B1E52D3BF0018791E /* UIColor+Hex.m in Sources */,
				1F00D5061E52A5F80018791E /* AppDelegate.m in Sources */,
				1F745E6C1E53FDB600DC1993 /* FJAppRedirect.m in Sources */,
				1F00D5341E52D7D50018791E /* UIImage+Color.m in Sources */,
				1F00D5301E52D4F30018791E /* UIFont+Utility.m in Sources */,
				1F00D5531E53035D0018791E /* NSObject+Block.m in Sources */,
				1F00D54F1E5301C50018791E /* UIView+Layer.m in Sources */,
				1F00D5401E52DCED0018791E /* NSString+Helper.m in Sources */,
				1F00D54C1E5301460018791E /* UIView+Geometry.m in Sources */,
				1F00D5441E52FABF0018791E /* NSData+Helper.m in Sources */,
				1F00D5601E5331960018791E /* UIImage+Compress.m in Sources */,
				1F00D5481E52FC1A0018791E /* NSString+Translator.m in Sources */,
				1F00D5291E52D3BF0018791E /* NSMutableArray+Operation.m in Sources */,
				1F745E741E5409EA00DC1993 /* FJStorage.m in Sources */,
			);
			runOnlyForDeploymentPostprocessing = 0;
		};
/* End PBXSourcesBuildPhase section */

/* Begin PBXVariantGroup section */
		1F00D4FE1E52A5F80018791E /* LaunchScreen.storyboard */ = {
			isa = PBXVariantGroup;
			children = (
				1F00D4FF1E52A5F80018791E /* Base */,
			);
			name = LaunchScreen.storyboard;
			sourceTree = "<group>";
		};
		1F00D5001E52A5F80018791E /* Main.storyboard */ = {
			isa = PBXVariantGroup;
			children = (
				1F00D5011E52A5F80018791E /* Base */,
			);
			name = Main.storyboard;
			sourceTree = "<group>";
		};
/* End PBXVariantGroup section */

/* Begin XCBuildConfiguration section */
		1F00D4F41E52A4870018791E /* Debug */ = {
			isa = XCBuildConfiguration;
			buildSettings = {
				ALWAYS_SEARCH_USER_PATHS = NO;
				CLANG_ANALYZER_NONNULL = YES;
				CLANG_CXX_LANGUAGE_STANDARD = "gnu++0x";
				CLANG_CXX_LIBRARY = "libc++";
				CLANG_ENABLE_MODULES = YES;
				CLANG_ENABLE_OBJC_ARC = YES;
				CLANG_WARN_BOOL_CONVERSION = YES;
				CLANG_WARN_CONSTANT_CONVERSION = YES;
				CLANG_WARN_DIRECT_OBJC_ISA_USAGE = YES_ERROR;
				CLANG_WARN_DOCUMENTATION_COMMENTS = YES;
				CLANG_WARN_EMPTY_BODY = YES;
				CLANG_WARN_ENUM_CONVERSION = YES;
				CLANG_WARN_INFINITE_RECURSION = YES;
				CLANG_WARN_INT_CONVERSION = YES;
				CLANG_WARN_OBJC_ROOT_CLASS = YES_ERROR;
				CLANG_WARN_SUSPICIOUS_MOVE = YES;
				CLANG_WARN_UNREACHABLE_CODE = YES;
				CLANG_WARN__DUPLICATE_METHOD_MATCH = YES;
				"CODE_SIGN_IDENTITY[sdk=iphoneos*]" = "iPhone Developer";
				COPY_PHASE_STRIP = NO;
				DEBUG_INFORMATION_FORMAT = dwarf;
				ENABLE_STRICT_OBJC_MSGSEND = YES;
				ENABLE_TESTABILITY = YES;
				GCC_C_LANGUAGE_STANDARD = gnu99;
				GCC_DYNAMIC_NO_PIC = NO;
				GCC_NO_COMMON_BLOCKS = YES;
				GCC_OPTIMIZATION_LEVEL = 0;
				GCC_PREPROCESSOR_DEFINITIONS = (
					"DEBUG=1",
					"$(inherited)",
				);
				GCC_WARN_64_TO_32_BIT_CONVERSION = YES;
				GCC_WARN_ABOUT_RETURN_TYPE = YES_ERROR;
				GCC_WARN_UNDECLARED_SELECTOR = YES;
				GCC_WARN_UNINITIALIZED_AUTOS = YES_AGGRESSIVE;
				GCC_WARN_UNUSED_FUNCTION = YES;
				GCC_WARN_UNUSED_VARIABLE = YES;
				IPHONEOS_DEPLOYMENT_TARGET = 10.2;
				MTL_ENABLE_DEBUG_INFO = YES;
				ONLY_ACTIVE_ARCH = YES;
				SDKROOT = iphoneos;
				TARGETED_DEVICE_FAMILY = "1,2";
			};
			name = Debug;
		};
		1F00D4F51E52A4870018791E /* Release */ = {
			isa = XCBuildConfiguration;
			buildSettings = {
				ALWAYS_SEARCH_USER_PATHS = NO;
				CLANG_ANALYZER_NONNULL = YES;
				CLANG_CXX_LANGUAGE_STANDARD = "gnu++0x";
				CLANG_CXX_LIBRARY = "libc++";
				CLANG_ENABLE_MODULES = YES;
				CLANG_ENABLE_OBJC_ARC = YES;
				CLANG_WARN_BOOL_CONVERSION = YES;
				CLANG_WARN_CONSTANT_CONVERSION = YES;
				CLANG_WARN_DIRECT_OBJC_ISA_USAGE = YES_ERROR;
				CLANG_WARN_DOCUMENTATION_COMMENTS = YES;
				CLANG_WARN_EMPTY_BODY = YES;
				CLANG_WARN_ENUM_CONVERSION = YES;
				CLANG_WARN_INFINITE_RECURSION = YES;
				CLANG_WARN_INT_CONVERSION = YES;
				CLANG_WARN_OBJC_ROOT_CLASS = YES_ERROR;
				CLANG_WARN_SUSPICIOUS_MOVE = YES;
				CLANG_WARN_UNREACHABLE_CODE = YES;
				CLANG_WARN__DUPLICATE_METHOD_MATCH = YES;
				"CODE_SIGN_IDENTITY[sdk=iphoneos*]" = "iPhone Developer";
				COPY_PHASE_STRIP = NO;
				DEBUG_INFORMATION_FORMAT = "dwarf-with-dsym";
				ENABLE_NS_ASSERTIONS = NO;
				ENABLE_STRICT_OBJC_MSGSEND = YES;
				GCC_C_LANGUAGE_STANDARD = gnu99;
				GCC_NO_COMMON_BLOCKS = YES;
				GCC_WARN_64_TO_32_BIT_CONVERSION = YES;
				GCC_WARN_ABOUT_RETURN_TYPE = YES_ERROR;
				GCC_WARN_UNDECLARED_SELECTOR = YES;
				GCC_WARN_UNINITIALIZED_AUTOS = YES_AGGRESSIVE;
				GCC_WARN_UNUSED_FUNCTION = YES;
				GCC_WARN_UNUSED_VARIABLE = YES;
				IPHONEOS_DEPLOYMENT_TARGET = 10.2;
				MTL_ENABLE_DEBUG_INFO = NO;
				SDKROOT = iphoneos;
				TARGETED_DEVICE_FAMILY = "1,2";
				VALIDATE_PRODUCT = YES;
			};
			name = Release;
		};
		1F00D4F71E52A4870018791E /* Debug */ = {
			isa = XCBuildConfiguration;
			baseConfigurationReference = D959BCA06DC61C39041F9D20 /* Pods-FJTool.debug.xcconfig */;
			buildSettings = {
				ASSETCATALOG_COMPILER_APPICON_NAME = AppIcon;
				INFOPLIST_FILE = FJToolExample/Info.plist;
				LD_RUNPATH_SEARCH_PATHS = "$(inherited) @executable_path/Frameworks";
				PRODUCT_BUNDLE_IDENTIFIER = Jeff.FJTool;
				PRODUCT_NAME = "$(TARGET_NAME)";
			};
			name = Debug;
		};
		1F00D4F81E52A4870018791E /* Release */ = {
			isa = XCBuildConfiguration;
			baseConfigurationReference = 6FE46E74C651F6418C7FD9E1 /* Pods-FJTool.release.xcconfig */;
			buildSettings = {
				ASSETCATALOG_COMPILER_APPICON_NAME = AppIcon;
				INFOPLIST_FILE = FJToolExample/Info.plist;
				LD_RUNPATH_SEARCH_PATHS = "$(inherited) @executable_path/Frameworks";
				PRODUCT_BUNDLE_IDENTIFIER = Jeff.FJTool;
				PRODUCT_NAME = "$(TARGET_NAME)";
			};
			name = Release;
		};
/* End XCBuildConfiguration section */

/* Begin XCConfigurationList section */
		1F00D4DA1E52A4870018791E /* Build configuration list for PBXProject "FJTool" */ = {
			isa = XCConfigurationList;
			buildConfigurations = (
				1F00D4F41E52A4870018791E /* Debug */,
				1F00D4F51E52A4870018791E /* Release */,
			);
			defaultConfigurationIsVisible = 0;
			defaultConfigurationName = Release;
		};
		1F00D4F61E52A4870018791E /* Build configuration list for PBXNativeTarget "FJTool" */ = {
			isa = XCConfigurationList;
			buildConfigurations = (
				1F00D4F71E52A4870018791E /* Debug */,
				1F00D4F81E52A4870018791E /* Release */,
			);
			defaultConfigurationIsVisible = 0;
			defaultConfigurationName = Release;
		};
/* End XCConfigurationList section */
	};
	rootObject = 1F00D4D71E52A4870018791E /* Project object */;
}
